
Microsoft Visual Studio Solution File, Format Version 12.00
# Visual Studio Version 17
VisualStudioVersion = 17.12.35707.178
MinimumVisualStudioVersion = 10.0.40219.1
Project("{2150E333-8FDC-42A3-9474-1A3956D46DE8}") = "Source", "Source", "{5AC944FF-3186-4B69-9FA1-6B77EF5A2F7A}"
EndProject
Project("{FAE04EC0-301F-11D3-BF4B-00C04F79EFBC}") = "Overseer.Quotes.Creation.Domain", "Src\Overseer.Quotes.Creation.Domain\Overseer.Quotes.Creation.Domain.csproj", "{F5B88D6E-201D-4A24-96C4-EC3D26C1C2B6}"
EndProject
Project("{FAE04EC0-301F-11D3-BF4B-00C04F79EFBC}") = "Overseer.Quotes.Creation.Domain.Services", "Src\Overseer.Quotes.Creation.Domain.Services\Overseer.Quotes.Creation.Domain.Services.csproj", "{22ED74F6-12D1-480F-BD73-EDB6BF620DEB}"
EndProject
Project("{FAE04EC0-301F-11D3-BF4B-00C04F79EFBC}") = "Overseer.Quotes.Creation.Application", "Src\Overseer.Quotes.Creation.Application\Overseer.Quotes.Creation.Application.csproj", "{153351DB-7362-4490-A7F8-D99A4452ABCF}"
EndProject
Project("{FAE04EC0-301F-11D3-BF4B-00C04F79EFBC}") = "Overseer.Quotes.Creation.Application.Services", "Src\Overseer.Quotes.Creation.Application.Services\Overseer.Quotes.Creation.Application.Services.csproj", "{DDF59191-E297-40AB-9B22-498C8291A11F}"
EndProject
Project("{2150E333-8FDC-42A3-9474-1A3956D46DE8}") = "Quotes", "Quotes", "{C992DC21-7858-46E3-9CDE-DD21D2B01A24}"
EndProject
Project("{2150E333-8FDC-42A3-9474-1A3956D46DE8}") = "Creation", "Creation", "{47ECCC37-1A60-47B2-9813-D26EBC704025}"
EndProject
Project("{2150E333-8FDC-42A3-9474-1A3956D46DE8}") = "Infrastructure", "Infrastructure", "{5455CC6A-84FF-4B73-B09F-F37FAB5EEBBA}"
EndProject
Project("{FAE04EC0-301F-11D3-BF4B-00C04F79EFBC}") = "Overseer.Quotes.Creation.Infrastructure.Events.Queues", "Src\Overseer.Quotes.Creation.Infrastructure.Events.Queues\Overseer.Quotes.Creation.Infrastructure.Events.Queues.csproj", "{B413E05F-829A-4E97-9282-E03FB60EAFCD}"
EndProject
Project("{FAE04EC0-301F-11D3-BF4B-00C04F79EFBC}") = "Overseer.Quotes.Creation.Infrastructure.Persistence.Sql", "Src\Overseer.Quotes.Creation.Infrastructure.Persistence.Sql\Overseer.Quotes.Creation.Infrastructure.Persistence.Sql.csproj", "{9BA33F15-31D8-479A-BB34-7B3ABD023539}"
EndProject
Project("{2150E333-8FDC-42A3-9474-1A3956D46DE8}") = "Retrieval", "Retrieval", "{F4F13B44-AA39-4398-B4C9-2FA255606B24}"
EndProject
Project("{2150E333-8FDC-42A3-9474-1A3956D46DE8}") = "Infrastructure", "Infrastructure", "{19AB2465-5BD9-4000-96B1-84F74C59B3B0}"
EndProject
Project("{FAE04EC0-301F-11D3-BF4B-00C04F79EFBC}") = "Overseer.Quotes.Retrieval.Domain", "Src\Overseer.Quotes.Retrieval.Domain\Overseer.Quotes.Retrieval.Domain.csproj", "{E868EB06-0258-4565-9FEB-0461B17B537B}"
EndProject
Project("{FAE04EC0-301F-11D3-BF4B-00C04F79EFBC}") = "Overseer.Quotes.Retrieval.Domain.Services", "Src\Overseer.Quotes.Retrieval.Domain.Services\Overseer.Quotes.Retrieval.Domain.Services.csproj", "{FB26DE55-7F4E-4DBB-B0A2-D53707DEEC12}"
EndProject
Project("{FAE04EC0-301F-11D3-BF4B-00C04F79EFBC}") = "Overseer.Quotes.Retrieval.Application", "Src\Overseer.Quotes.Retrieval.Application\Overseer.Quotes.Retrieval.Application.csproj", "{31B870E3-B912-4451-8886-9F24B01AA77F}"
EndProject
Project("{FAE04EC0-301F-11D3-BF4B-00C04F79EFBC}") = "Overseer.Quotes.Retrieval.Application.Services", "Src\Overseer.Quotes.Retrieval.Application.Services\Overseer.Quotes.Retrieval.Application.Services.csproj", "{02CB996E-8FFA-4F7F-BE39-79B8F4CDC236}"
EndProject
Project("{FAE04EC0-301F-11D3-BF4B-00C04F79EFBC}") = "Overseer.Quotes.Retrieval.Infrastructure.Persistence.Sql", "Src\Overseer.Quotes.Retrieval.Infrastructure.Persistence.Sql\Overseer.Quotes.Retrieval.Infrastructure.Persistence.Sql.csproj", "{61BBD62B-F349-4F7D-85FF-6802E93A52CF}"
EndProject
Project("{FAE04EC0-301F-11D3-BF4B-00C04F79EFBC}") = "Overseer.Quotes.Retrieval.Infrastructure.Events.Queues", "Src\Overseer.Quotes.Retrieval.Infrastructure.Events.Queues\Overseer.Quotes.Retrieval.Infrastructure.Events.Queues.csproj", "{EBF534C9-EA64-47A8-8923-BBEA8E945015}"
EndProject
Project("{2150E333-8FDC-42A3-9474-1A3956D46DE8}") = "Updates", "Updates", "{BF5CD7DE-2486-42FB-A038-20573EC5DB6D}"
EndProject
Project("{2150E333-8FDC-42A3-9474-1A3956D46DE8}") = "Infrastructure", "Infrastructure", "{969D3BFC-53EC-4A64-8380-E31CF0C82B4B}"
EndProject
Project("{FAE04EC0-301F-11D3-BF4B-00C04F79EFBC}") = "Overseer.Quotes.Updates.Infrastructure.Persistence.Sql", "Src\Overseer.Quotes.Updates.Infrastructure.Persistence.Sql\Overseer.Quotes.Updates.Infrastructure.Persistence.Sql.csproj", "{E668D18A-4774-4F95-A31F-407CD11312A7}"
EndProject
Project("{FAE04EC0-301F-11D3-BF4B-00C04F79EFBC}") = "Overseer.Quotes.Updates.Infrastructure.Events.Queues", "Src\Overseer.Quotes.Updates.Infrastructure.Events.Queues\Overseer.Quotes.Updates.Infrastructure.Events.Queues.csproj", "{956C5296-6DE1-4B88-AC82-A30ABD2A1162}"
EndProject
Project("{FAE04EC0-301F-11D3-BF4B-00C04F79EFBC}") = "Overseer.Quotes.Updates.Domain", "Src\Overseer.Quotes.Updates.Domain\Overseer.Quotes.Updates.Domain.csproj", "{39A6AB8A-3483-4244-9EE4-C16AF7259D33}"
EndProject
Project("{FAE04EC0-301F-11D3-BF4B-00C04F79EFBC}") = "Overseer.Quotes.Updates.Domain.Services", "Src\Overseer.Quotes.Updates.Domain.Services\Overseer.Quotes.Updates.Domain.Services.csproj", "{6EEC9973-DC45-45E7-9BD0-6396620366F9}"
EndProject
Project("{FAE04EC0-301F-11D3-BF4B-00C04F79EFBC}") = "Overseer.Quotes.Updates.Application", "Src\Overseer.Quotes.Updates.Application\Overseer.Quotes.Updates.Application.csproj", "{39430F67-BD9A-48C7-9CC9-8C9546C63E29}"
EndProject
Project("{FAE04EC0-301F-11D3-BF4B-00C04F79EFBC}") = "Overseer.Quotes.Updates.Application.Services", "Src\Overseer.Quotes.Updates.Application.Services\Overseer.Quotes.Updates.Application.Services.csproj", "{4C3E0202-3E88-444C-9EF6-0FF998F39F2B}"
EndProject
Project("{2150E333-8FDC-42A3-9474-1A3956D46DE8}") = "Accounts", "Accounts", "{423A7DD3-4A33-4C41-AA37-3F3F1CE20C13}"
EndProject
Project("{2150E333-8FDC-42A3-9474-1A3956D46DE8}") = "Close", "Close", "{26E989F6-26B0-48EF-9777-0F86CAF0561F}"
EndProject
Project("{2150E333-8FDC-42A3-9474-1A3956D46DE8}") = "Infrastructure", "Infrastructure", "{DEDE017D-76CF-4E34-9396-D4C7E5B3CF22}"
EndProject
Project("{FAE04EC0-301F-11D3-BF4B-00C04F79EFBC}") = "Overseer.Accounts.Close.Application", "Src\Overseer.Accounts.Close.Application\Overseer.Accounts.Close.Application.csproj", "{C0D721B6-4662-4A91-8C49-210AE74A96B1}"
EndProject
Project("{FAE04EC0-301F-11D3-BF4B-00C04F79EFBC}") = "Overseer.Accounts.Close.Application.Services", "Src\Overseer.Accounts.Close.Application.Services\Overseer.Accounts.Close.Application.Services.csproj", "{59CAD81A-8F78-44A9-B217-D52475E38DFB}"
EndProject
Project("{FAE04EC0-301F-11D3-BF4B-00C04F79EFBC}") = "Overseer.Accounts.Close.Domain", "Src\Overseer.Accounts.Close.Domain\Overseer.Accounts.Close.Domain.csproj", "{18674091-10A9-4E76-BF13-C54112303B9F}"
EndProject
Project("{FAE04EC0-301F-11D3-BF4B-00C04F79EFBC}") = "Overseer.Accounts.Close.Domain.Services", "Src\Overseer.Accounts.Close.Domain.Services\Overseer.Accounts.Close.Domain.Services.csproj", "{B9C11C64-B3D7-4F6E-93BA-2854556E65D9}"
EndProject
Project("{FAE04EC0-301F-11D3-BF4B-00C04F79EFBC}") = "Overseer.Accounts.Close.Infrastructure.Events.Queues", "Src\Overseer.Accounts.Close.Infrastructure.Events.Queues\Overseer.Accounts.Close.Infrastructure.Events.Queues.csproj", "{C36C084F-7408-488A-B7C3-3BEDED0C7766}"
EndProject
Project("{FAE04EC0-301F-11D3-BF4B-00C04F79EFBC}") = "Overseer.Accounts.Close.Infrastructure.Persistence.Sql", "Src\Overseer.Accounts.Close.Infrastructure.Persistence.Sql\Overseer.Accounts.Close.Infrastructure.Persistence.Sql.csproj", "{D42474CD-DB09-43FB-A597-2D7ABF19CEB5}"
EndProject
Project("{2150E333-8FDC-42A3-9474-1A3956D46DE8}") = "Creation", "Creation", "{57C26B72-0292-4383-B55E-072B57888834}"
EndProject
Project("{2150E333-8FDC-42A3-9474-1A3956D46DE8}") = "Infrastructure", "Infrastructure", "{4534C4B0-76C6-42A0-AA73-0FF2BB726B05}"
EndProject
Project("{FAE04EC0-301F-11D3-BF4B-00C04F79EFBC}") = "Overseer.Accounts.Creation.Application", "Src\Overseer.Accounts.Creation.Application\Overseer.Accounts.Creation.Application.csproj", "{86D65F4D-F71B-41F1-8D18-A0585F69A380}"
EndProject
Project("{FAE04EC0-301F-11D3-BF4B-00C04F79EFBC}") = "Overseer.Accounts.Creation.Application.Services", "Src\Overseer.Accounts.Creation.Application.Services\Overseer.Accounts.Creation.Application.Services.csproj", "{105CC3D7-00DE-4949-A336-7EE689545FF7}"
EndProject
Project("{FAE04EC0-301F-11D3-BF4B-00C04F79EFBC}") = "Overseer.Accounts.Creation.Domain", "Src\Overseer.Accounts.Creation.Domain\Overseer.Accounts.Creation.Domain.csproj", "{5B04E14B-0A84-448C-8D49-235C1B7184C4}"
EndProject
Project("{FAE04EC0-301F-11D3-BF4B-00C04F79EFBC}") = "Overseer.Accounts.Creation.Domain.Services", "Src\Overseer.Accounts.Creation.Domain.Services\Overseer.Accounts.Creation.Domain.Services.csproj", "{C8666849-E39A-421C-8FD8-5141F01B3A4F}"
EndProject
Project("{FAE04EC0-301F-11D3-BF4B-00C04F79EFBC}") = "Overseer.Accounts.Creation.Infrastructure.Events.Queues", "Src\Overseer.Accounts.Creation.Infrastructure.Events.Queues\Overseer.Accounts.Creation.Infrastructure.Events.Queues.csproj", "{3F8DC3F5-9A87-4A8D-A32D-75B5665A52B8}"
EndProject
Project("{FAE04EC0-301F-11D3-BF4B-00C04F79EFBC}") = "Overseer.Accounts.Creation.Infrastructure.Persistence.Sql", "Src\Overseer.Accounts.Creation.Infrastructure.Persistence.Sql\Overseer.Accounts.Creation.Infrastructure.Persistence.Sql.csproj", "{C27249A4-E904-47DE-93F3-50E2272E9B38}"
EndProject
Project("{2150E333-8FDC-42A3-9474-1A3956D46DE8}") = "Retrieval", "Retrieval", "{225B15AA-0F76-4328-B9C6-32F8894654BF}"
EndProject
Project("{2150E333-8FDC-42A3-9474-1A3956D46DE8}") = "Infrastructure", "Infrastructure", "{2D526E86-A85E-47E8-8F5E-A9572F141471}"
EndProject
Project("{FAE04EC0-301F-11D3-BF4B-00C04F79EFBC}") = "Overseer.Accounts.Retrieval.Application", "Src\Overseer.Accounts.Retrieval.Application\Overseer.Accounts.Retrieval.Application.csproj", "{5A266EC9-D773-45D6-9003-6E040F7EB364}"
EndProject
Project("{FAE04EC0-301F-11D3-BF4B-00C04F79EFBC}") = "Overseer.Accounts.Retrieval.Application.Services", "Src\Overseer.Accounts.Retrieval.Application.Services\Overseer.Accounts.Retrieval.Application.Services.csproj", "{51F1574F-16E2-402E-AF69-07CCD5AC9A21}"
EndProject
Project("{FAE04EC0-301F-11D3-BF4B-00C04F79EFBC}") = "Overseer.Accounts.Retrieval.Domain", "Src\Overseer.Accounts.Retrieval.Domain\Overseer.Accounts.Retrieval.Domain.csproj", "{0B68604F-7167-44DA-9EFA-D840432D472D}"
EndProject
Project("{FAE04EC0-301F-11D3-BF4B-00C04F79EFBC}") = "Overseer.Accounts.Retrieval.Domain.Services", "Src\Overseer.Accounts.Retrieval.Domain.Services\Overseer.Accounts.Retrieval.Domain.Services.csproj", "{24084501-2BBD-48E6-8240-2B065B0A0D4D}"
EndProject
Project("{FAE04EC0-301F-11D3-BF4B-00C04F79EFBC}") = "Overseer.Accounts.Retrieval.Infrastructure.Events.Queues", "Src\Overseer.Accounts.Retrieval.Infrastructure.Events.Queues\Overseer.Accounts.Retrieval.Infrastructure.Events.Queues.csproj", "{5D796076-D8E4-4C92-89C8-4110ED05D5F0}"
EndProject
Project("{FAE04EC0-301F-11D3-BF4B-00C04F79EFBC}") = "Overseer.Accounts.Retrieval.Infrastructure.Persistence.Sql", "Src\Overseer.Accounts.Retrieval.Infrastructure.Persistence.Sql\Overseer.Accounts.Retrieval.Infrastructure.Persistence.Sql.csproj", "{BB725970-2893-4B6F-81B8-B268A9F7165F}"
EndProject
Project("{2150E333-8FDC-42A3-9474-1A3956D46DE8}") = "Suspend", "Suspend", "{2684BC96-D80D-4449-9A56-DB556C73BF05}"
EndProject
Project("{2150E333-8FDC-42A3-9474-1A3956D46DE8}") = "Infrastructure", "Infrastructure", "{DE6003B9-6308-4E4F-ABA5-73B71355ACF0}"
EndProject
Project("{FAE04EC0-301F-11D3-BF4B-00C04F79EFBC}") = "Overseer.Accounts.Suspend.Application", "Src\Overseer.Accounts.Suspend.Application\Overseer.Accounts.Suspend.Application.csproj", "{B0702F22-241D-42B4-B902-3DB3A6D08DA4}"
EndProject
Project("{FAE04EC0-301F-11D3-BF4B-00C04F79EFBC}") = "Overseer.Accounts.Suspend.Application.Services", "Src\Overseer.Accounts.Suspend.Application.Services\Overseer.Accounts.Suspend.Application.Services.csproj", "{D3FA3392-E5EE-45A2-B8BB-6B4AE300866D}"
EndProject
Project("{FAE04EC0-301F-11D3-BF4B-00C04F79EFBC}") = "Overseer.Accounts.Suspend.Domain", "Src\Overseer.Accounts.Suspend.Domain\Overseer.Accounts.Suspend.Domain.csproj", "{C615C724-2421-4F37-AEDB-E33BE6FFB86C}"
EndProject
Project("{FAE04EC0-301F-11D3-BF4B-00C04F79EFBC}") = "Overseer.Accounts.Suspend.Domain.Services", "Src\Overseer.Accounts.Suspend.Domain.Services\Overseer.Accounts.Suspend.Domain.Services.csproj", "{88BE3C83-B841-48AF-8B7F-27B63BD7CF2C}"
EndProject
Project("{FAE04EC0-301F-11D3-BF4B-00C04F79EFBC}") = "Overseer.Accounts.Suspend.Infrastructure.Events.Queues", "Src\Overseer.Accounts.Suspend.Infrastructure.Events.Queues\Overseer.Accounts.Suspend.Infrastructure.Events.Queues.csproj", "{CC7F93AA-7A50-438B-82EB-2331CB3783D0}"
EndProject
Project("{FAE04EC0-301F-11D3-BF4B-00C04F79EFBC}") = "Overseer.Accounts.Suspend.Infrastructure.Persistence.Sql", "Src\Overseer.Accounts.Suspend.Infrastructure.Persistence.Sql\Overseer.Accounts.Suspend.Infrastructure.Persistence.Sql.csproj", "{D96B6F15-6F79-4EFF-BFCD-777EDCDB7DD8}"
EndProject
Project("{2150E333-8FDC-42A3-9474-1A3956D46DE8}") = "Unsuspend", "Unsuspend", "{FF1F8535-6B6D-462A-9154-3A85BAACFDA2}"
EndProject
Project("{2150E333-8FDC-42A3-9474-1A3956D46DE8}") = "Infrastructure", "Infrastructure", "{E44473B8-C8A5-4815-9C3C-ED96A724AE1A}"
EndProject
Project("{FAE04EC0-301F-11D3-BF4B-00C04F79EFBC}") = "Overseer.Accounts.Unsuspend.Application", "Src\Overseer.Accounts.Unsuspend.Application\Overseer.Accounts.Unsuspend.Application.csproj", "{21163CB4-5BFB-4B15-8B5F-1836B1B0FA89}"
EndProject
Project("{FAE04EC0-301F-11D3-BF4B-00C04F79EFBC}") = "Overseer.Accounts.Unsuspend.Application.Services", "Src\Overseer.Accounts.Unsuspend.Application.Services\Overseer.Accounts.Unsuspend.Application.Services.csproj", "{3FF3A2F6-5E2A-466C-9F6F-6D1B7B68446C}"
EndProject
Project("{FAE04EC0-301F-11D3-BF4B-00C04F79EFBC}") = "Overseer.Accounts.Unsuspend.Domain", "Src\Overseer.Accounts.Unsuspend.Domain\Overseer.Accounts.Unsuspend.Domain.csproj", "{89705DFD-D9D8-4825-9E12-9957359F5A1E}"
EndProject
Project("{FAE04EC0-301F-11D3-BF4B-00C04F79EFBC}") = "Overseer.Accounts.Unsuspend.Domain.Services", "Src\Overseer.Accounts.Unsuspend.Domain.Services\Overseer.Accounts.Unsuspend.Domain.Services.csproj", "{612519F2-848F-40D6-9353-42EF4A34AC98}"
EndProject
Project("{FAE04EC0-301F-11D3-BF4B-00C04F79EFBC}") = "Overseer.Accounts.Unsuspend.Infrastructure.Events.Queues", "Src\Overseer.Accounts.Unsuspend.Infrastructure.Events.Queues\Overseer.Accounts.Unsuspend.Infrastructure.Events.Queues.csproj", "{8C908C1F-7B5C-4801-9013-888F22476243}"
EndProject
Project("{FAE04EC0-301F-11D3-BF4B-00C04F79EFBC}") = "Overseer.Accounts.Unsuspend.Infrastructure.Persistence.Sql", "Src\Overseer.Accounts.Unsuspend.Infrastructure.Persistence.Sql\Overseer.Accounts.Unsuspend.Infrastructure.Persistence.Sql.csproj", "{70DB59EF-A7CA-491E-8868-AEE5DE36879A}"
EndProject
Project("{2150E333-8FDC-42A3-9474-1A3956D46DE8}") = "Updates", "Updates", "{AE149695-783B-46D5-BFA4-EBF00ADF8D31}"
EndProject
Project("{2150E333-8FDC-42A3-9474-1A3956D46DE8}") = "Infrastructure", "Infrastructure", "{CB2AE33C-34A8-4F2F-973E-2B98A65AA324}"
EndProject
Project("{FAE04EC0-301F-11D3-BF4B-00C04F79EFBC}") = "Overseer.Accounts.Updates.Application", "Src\Overseer.Accounts.Updates.Application\Overseer.Accounts.Updates.Application.csproj", "{2C17A4A5-24CF-4673-ABCF-8ED93F3BD1D6}"
EndProject
Project("{FAE04EC0-301F-11D3-BF4B-00C04F79EFBC}") = "Overseer.Accounts.Updates.Application.Services", "Src\Overseer.Accounts.Updates.Application.Services\Overseer.Accounts.Updates.Application.Services.csproj", "{C005C063-217C-4402-B010-6FAD34FBBD7F}"
EndProject
Project("{FAE04EC0-301F-11D3-BF4B-00C04F79EFBC}") = "Overseer.Accounts.Updates.Domain", "Src\Overseer.Accounts.Updates.Domain\Overseer.Accounts.Updates.Domain.csproj", "{4385CA89-558C-4CED-96C0-66187A28129B}"
EndProject
Project("{FAE04EC0-301F-11D3-BF4B-00C04F79EFBC}") = "Overseer.Accounts.Updates.Domain.Services", "Src\Overseer.Accounts.Updates.Domain.Services\Overseer.Accounts.Updates.Domain.Services.csproj", "{2CD3F4FB-37FF-403A-BFDC-C4C80CCBAD89}"
EndProject
Project("{FAE04EC0-301F-11D3-BF4B-00C04F79EFBC}") = "Overseer.Accounts.Updates.Infrastructure.Events.Queues", "Src\Overseer.Accounts.Updates.Infrastructure.Events.Queues\Overseer.Accounts.Updates.Infrastructure.Events.Queues.csproj", "{D39E0CB1-FE7E-49F6-AA6A-9FA769927B65}"
EndProject
Project("{FAE04EC0-301F-11D3-BF4B-00C04F79EFBC}") = "Overseer.Accounts.Updates.Infrastructure.Persistence.Sql", "Src\Overseer.Accounts.Updates.Infrastructure.Persistence.Sql\Overseer.Accounts.Updates.Infrastructure.Persistence.Sql.csproj", "{E12E14E1-4F71-49D7-9E46-4D272D40FB2B}"
EndProject
Project("{2150E333-8FDC-42A3-9474-1A3956D46DE8}") = "Orders", "Orders", "{DF95E81A-5C6E-404E-9DD1-CC170AE0ABD9}"
EndProject
Project("{2150E333-8FDC-42A3-9474-1A3956D46DE8}") = "Cancel", "Cancel", "{49A73ADB-9DC0-459F-95C6-3ADC2491C91F}"
EndProject
Project("{2150E333-8FDC-42A3-9474-1A3956D46DE8}") = "Infrastructure", "Infrastructure", "{BF61BEDF-4D86-4BF5-874C-BE8BD4E3DF66}"
EndProject
Project("{FAE04EC0-301F-11D3-BF4B-00C04F79EFBC}") = "Overseer.Orders.Cancel.Application", "Src\Overseer.Orders.Cancel.Application\Overseer.Orders.Cancel.Application.csproj", "{A801097E-AA96-410F-8F78-38D6D7421056}"
EndProject
Project("{FAE04EC0-301F-11D3-BF4B-00C04F79EFBC}") = "Overseer.Orders.Cancel.Application.Services", "Src\Overseer.Orders.Cancel.Application.Services\Overseer.Orders.Cancel.Application.Services.csproj", "{E9A74187-5D10-4451-A95E-5D3138966F18}"
EndProject
Project("{FAE04EC0-301F-11D3-BF4B-00C04F79EFBC}") = "Overseer.Orders.Cancel.Domain", "Src\Overseer.Orders.Cancel.Domain\Overseer.Orders.Cancel.Domain.csproj", "{5DAFE65C-ECBA-4DA5-86C3-D285CD9F8D2F}"
EndProject
Project("{FAE04EC0-301F-11D3-BF4B-00C04F79EFBC}") = "Overseer.Orders.Cancel.Domain.Services", "Src\Overseer.Orders.Cancel.Domain.Services\Overseer.Orders.Cancel.Domain.Services.csproj", "{68B0B065-985A-43D6-8905-870C419269AC}"
EndProject
Project("{FAE04EC0-301F-11D3-BF4B-00C04F79EFBC}") = "Overseer.Orders.Cancel.Infrastructure.Events.Queues", "Src\Overseer.Orders.Cancel.Infrastructure.Events.Queues\Overseer.Orders.Cancel.Infrastructure.Events.Queues.csproj", "{3D0F95AF-F0DC-42DE-94C8-866E9CAA25FC}"
EndProject
Project("{FAE04EC0-301F-11D3-BF4B-00C04F79EFBC}") = "Overseer.Orders.Cancel.Infrastructure.Persistence.Sql", "Src\Overseer.Orders.Cancel.Infrastructure.Persistence.Sql\Overseer.Orders.Cancel.Infrastructure.Persistence.Sql.csproj", "{8028F8D8-B24C-48D9-B37D-3DA55B1E9D66}"
EndProject
Project("{2150E333-8FDC-42A3-9474-1A3956D46DE8}") = "Creation", "Creation", "{517A8D38-D5E2-493B-807F-E9AA56457A45}"
EndProject
Project("{2150E333-8FDC-42A3-9474-1A3956D46DE8}") = "Infrastructure", "Infrastructure", "{D8C3DF55-1B76-4D12-838A-F41EA6EDA739}"
EndProject
Project("{FAE04EC0-301F-11D3-BF4B-00C04F79EFBC}") = "Overseer.Orders.Creation.Application", "Src\Overseer.Orders.Creation.Application\Overseer.Orders.Creation.Application.csproj", "{04B2C480-E9E2-4EDF-B6E3-A2B2A937AD80}"
EndProject
Project("{FAE04EC0-301F-11D3-BF4B-00C04F79EFBC}") = "Overseer.Orders.Creation.Application.Services", "Src\Overseer.Orders.Creation.Application.Services\Overseer.Orders.Creation.Application.Services.csproj", "{DD7EAD08-00B8-4AAD-BB50-62D2347BF2BA}"
EndProject
Project("{FAE04EC0-301F-11D3-BF4B-00C04F79EFBC}") = "Overseer.Orders.Creation.Domain", "Src\Overseer.Orders.Creation.Domain\Overseer.Orders.Creation.Domain.csproj", "{3306D0FF-FC93-4E55-8FEA-5F06C65B3FD5}"
EndProject
Project("{FAE04EC0-301F-11D3-BF4B-00C04F79EFBC}") = "Overseer.Orders.Creation.Domain.Services", "Src\Overseer.Orders.Creation.Domain.Services\Overseer.Orders.Creation.Domain.Services.csproj", "{B2E167A0-8398-46EC-BF10-4281D1CBEFB8}"
EndProject
Project("{FAE04EC0-301F-11D3-BF4B-00C04F79EFBC}") = "Overseer.Orders.Creation.Infrastructure.Events.Queues", "Src\Overseer.Orders.Creation.Infrastructure.Events.Queues\Overseer.Orders.Creation.Infrastructure.Events.Queues.csproj", "{CDBFEEB5-B500-4850-931E-69B27D37CB04}"
EndProject
Project("{FAE04EC0-301F-11D3-BF4B-00C04F79EFBC}") = "Overseer.Orders.Creation.Infrastructure.Persistence.Sql", "Src\Overseer.Orders.Creation.Infrastructure.Persistence.Sql\Overseer.Orders.Creation.Infrastructure.Persistence.Sql.csproj", "{49992D79-B3E2-4571-8983-5023095DE010}"
EndProject
Project("{2150E333-8FDC-42A3-9474-1A3956D46DE8}") = "Retrieval", "Retrieval", "{C77E0348-594F-4C4D-BE2B-7B3F948A759B}"
EndProject
Project("{2150E333-8FDC-42A3-9474-1A3956D46DE8}") = "Infrastructure", "Infrastructure", "{D3A31032-2F81-43B4-9BB2-6EE9D375C48D}"
EndProject
Project("{FAE04EC0-301F-11D3-BF4B-00C04F79EFBC}") = "Overseer.Orders.Retrieval.Application", "Src\Overseer.Orders.Retrieval.Application\Overseer.Orders.Retrieval.Application.csproj", "{A8BCC9A0-2A2C-4665-B426-7C6175C5759B}"
EndProject
Project("{FAE04EC0-301F-11D3-BF4B-00C04F79EFBC}") = "Overseer.Orders.Retrieval.Application.Services", "Src\Overseer.Orders.Retrieval.Application.Services\Overseer.Orders.Retrieval.Application.Services.csproj", "{854AB1E2-A63D-4D68-A664-FD8D93824D07}"
EndProject
Project("{FAE04EC0-301F-11D3-BF4B-00C04F79EFBC}") = "Overseer.Orders.Retrieval.Domain", "Src\Overseer.Orders.Retrieval.Domain\Overseer.Orders.Retrieval.Domain.csproj", "{28B2B1BB-C578-4298-A3B4-0FB126BCE78F}"
EndProject
Project("{FAE04EC0-301F-11D3-BF4B-00C04F79EFBC}") = "Overseer.Orders.Retrieval.Domain.Services", "Src\Overseer.Orders.Retrieval.Domain.Services\Overseer.Orders.Retrieval.Domain.Services.csproj", "{E80F328B-9185-458D-A01A-2E2661BD4740}"
EndProject
Project("{FAE04EC0-301F-11D3-BF4B-00C04F79EFBC}") = "Overseer.Orders.Retrieval.Infrastructure.Events.Queues", "Src\Overseer.Orders.Retrieval.Infrastructure.Events.Queues\Overseer.Orders.Retrieval.Infrastructure.Events.Queues.csproj", "{70560EDA-01C8-43BF-BB54-E4DF525FE433}"
EndProject
Project("{FAE04EC0-301F-11D3-BF4B-00C04F79EFBC}") = "Overseer.Orders.Retrieval.Infrastructure.Persistence.Sql", "Src\Overseer.Orders.Retrieval.Infrastructure.Persistence.Sql\Overseer.Orders.Retrieval.Infrastructure.Persistence.Sql.csproj", "{E5C1AC1B-7122-4BB8-9CBB-9F643F41D84D}"
EndProject
Project("{2150E333-8FDC-42A3-9474-1A3956D46DE8}") = "Updates", "Updates", "{40F38A2B-BEC8-4E7C-9C47-B5138B86D115}"
EndProject
Project("{2150E333-8FDC-42A3-9474-1A3956D46DE8}") = "Infrastructure", "Infrastructure", "{60740A4B-A391-40CE-BBFA-3665A4507494}"
EndProject
Project("{FAE04EC0-301F-11D3-BF4B-00C04F79EFBC}") = "Overseer.Orders.Updates.Application", "Src\Overseer.Orders.Updates.Application\Overseer.Orders.Updates.Application.csproj", "{7C78E0A8-76AA-429B-9055-E8862A8690FF}"
EndProject
Project("{FAE04EC0-301F-11D3-BF4B-00C04F79EFBC}") = "Overseer.Orders.Updates.Application.Services", "Src\Overseer.Orders.Updates.Application.Services\Overseer.Orders.Updates.Application.Services.csproj", "{3A6908F5-08E8-44D8-AE9D-8E57B4269B11}"
EndProject
Project("{FAE04EC0-301F-11D3-BF4B-00C04F79EFBC}") = "Overseer.Orders.Updates.Domain", "Src\Overseer.Orders.Updates.Domain\Overseer.Orders.Updates.Domain.csproj", "{652313AE-6B23-4B33-862F-1C59161D371D}"
EndProject
Project("{FAE04EC0-301F-11D3-BF4B-00C04F79EFBC}") = "Overseer.Orders.Updates.Domain.Services", "Src\Overseer.Orders.Updates.Domain.Services\Overseer.Orders.Updates.Domain.Services.csproj", "{06630015-D00C-46A6-8382-AB83CC713FD2}"
EndProject
Project("{FAE04EC0-301F-11D3-BF4B-00C04F79EFBC}") = "Overseer.Orders.Updates.Infrastructure.Events.Queues", "Src\Overseer.Orders.Updates.Infrastructure.Events.Queues\Overseer.Orders.Updates.Infrastructure.Events.Queues.csproj", "{76C38D3F-4181-4B4A-B921-4764972C949A}"
EndProject
Project("{FAE04EC0-301F-11D3-BF4B-00C04F79EFBC}") = "Overseer.Orders.Updates.Infrastructure.Persistence.Sql", "Src\Overseer.Orders.Updates.Infrastructure.Persistence.Sql\Overseer.Orders.Updates.Infrastructure.Persistence.Sql.csproj", "{060E98A4-4309-4EDA-8971-BA6E70967E51}"
EndProject
Project("{2150E333-8FDC-42A3-9474-1A3956D46DE8}") = "InProgress", "InProgress", "{7F7EC6DA-3460-42F8-A665-2B1EB05D4E69}"
EndProject
Project("{2150E333-8FDC-42A3-9474-1A3956D46DE8}") = "Complete", "Complete", "{574F907B-22E6-4298-92A0-8C57EF4A5D7D}"
EndProject
Project("{2150E333-8FDC-42A3-9474-1A3956D46DE8}") = "Hold", "Hold", "{665A28C0-9FCB-4943-861E-5585B0E38704}"
EndProject
Project("{2150E333-8FDC-42A3-9474-1A3956D46DE8}") = "Duplicate", "Duplicate", "{D8B37080-EFBD-4C61-967A-0936489B07EA}"
EndProject
Project("{2150E333-8FDC-42A3-9474-1A3956D46DE8}") = "Infrastructure", "Infrastructure", "{0F7745F7-66AD-45C2-BD7D-3C72D57D78A2}"
EndProject
Project("{2150E333-8FDC-42A3-9474-1A3956D46DE8}") = "Infrastructure", "Infrastructure", "{5EB7E9C6-2CE6-4D00-8D08-F687BF6AB6D3}"
EndProject
Project("{2150E333-8FDC-42A3-9474-1A3956D46DE8}") = "Infrastructure", "Infrastructure", "{BB34993A-561E-43E9-8D58-369B3E72644C}"
EndProject
Project("{2150E333-8FDC-42A3-9474-1A3956D46DE8}") = "Infrastructure", "Infrastructure", "{CE5F8B5D-C652-4501-B8D5-E93AC1D0C2B0}"
EndProject
Project("{2150E333-8FDC-42A3-9474-1A3956D46DE8}") = "Convert", "Convert", "{AE86094F-0F29-4D06-98BF-6B3E59D2233D}"
EndProject
Project("{2150E333-8FDC-42A3-9474-1A3956D46DE8}") = "Infrastructure", "Infrastructure", "{EBF27692-9EFE-4838-AD5D-21D2C99DCDCB}"
EndProject
Project("{FAE04EC0-301F-11D3-BF4B-00C04F79EFBC}") = "Overseer.Quotes.Convert.Domain", "Src\Overseer.Quotes.Convert.Domain\Overseer.Quotes.Convert.Domain.csproj", "{43F565BA-3589-4A4F-A829-38351D808C14}"
EndProject
Project("{FAE04EC0-301F-11D3-BF4B-00C04F79EFBC}") = "Overseer.Quotes.Convert.Domain.Services", "Src\Overseer.Quotes.Convert.Domain.Services\Overseer.Quotes.Convert.Domain.Services.csproj", "{A4EA0E2D-8352-4564-971B-664F7C6F1F85}"
EndProject
Project("{FAE04EC0-301F-11D3-BF4B-00C04F79EFBC}") = "Overseer.Quotes.Convert.Infrastructure.Events.Queues", "Src\Overseer.Quotes.Convert.Infrastructure.Events.Queues\Overseer.Quotes.Convert.Infrastructure.Events.Queues.csproj", "{20A5F7E3-4F8C-40EF-AD77-D36E94BCA490}"
EndProject
Project("{FAE04EC0-301F-11D3-BF4B-00C04F79EFBC}") = "Overseer.Quotes.Convert.Infrastructure.Persistence.Sql", "Src\Overseer.Quotes.Convert.Infrastructure.Persistence.Sql\Overseer.Quotes.Convert.Infrastructure.Persistence.Sql.csproj", "{0BC83C03-D539-4C40-A3BB-451CCC5BF815}"
EndProject
Project("{FAE04EC0-301F-11D3-BF4B-00C04F79EFBC}") = "Overseer.Quotes.Convert.Application", "Src\Overseer.Quotes.Convert.Application\Overseer.Quotes.Convert.Application.csproj", "{6FEECEB9-60AC-4471-B0B6-767A685A8010}"
EndProject
Project("{FAE04EC0-301F-11D3-BF4B-00C04F79EFBC}") = "Overseer.Quotes.Convert.Application.Services", "Src\Overseer.Quotes.Convert.Application.Services\Overseer.Quotes.Convert.Application.Services.csproj", "{68AFEF39-7DB7-4444-B0AB-68C60E834057}"
EndProject
Project("{FAE04EC0-301F-11D3-BF4B-00C04F79EFBC}") = "Overseer.Orders.Complete.Domain", "Src\Overseer.Orders.Complete.Domain\Overseer.Orders.Complete.Domain.csproj", "{043285EE-188D-4B85-9B49-12188468EBBA}"
EndProject
Project("{FAE04EC0-301F-11D3-BF4B-00C04F79EFBC}") = "Overseer.Orders.Complete.Domain.Services", "Src\Overseer.Orders.Complete.Domain.Services\Overseer.Orders.Complete.Domain.Services.csproj", "{06EACF32-194D-4CF6-8491-69822FB5A463}"
EndProject
Project("{FAE04EC0-301F-11D3-BF4B-00C04F79EFBC}") = "Overseer.Orders.Complete.Application", "Src\Overseer.Orders.Complete.Application\Overseer.Orders.Complete.Application.csproj", "{AF5E09BF-60BE-4C6F-943A-5B0B1E2070CC}"
EndProject
Project("{FAE04EC0-301F-11D3-BF4B-00C04F79EFBC}") = "Overseer.Orders.Complete.Application.Services", "Src\Overseer.Orders.Complete.Application.Services\Overseer.Orders.Complete.Application.Services.csproj", "{742A68DA-681D-41FC-A346-B155D893D9EA}"
EndProject
Project("{FAE04EC0-301F-11D3-BF4B-00C04F79EFBC}") = "Overseer.Orders.Complete.Infrastructure.Events.Queues", "Src\Overseer.Orders.Complete.Infrastructure.Events.Queues\Overseer.Orders.Complete.Infrastructure.Events.Queues.csproj", "{3C473C66-C2C0-433F-AFB2-ACF80F1B0C47}"
EndProject
Project("{FAE04EC0-301F-11D3-BF4B-00C04F79EFBC}") = "Overseer.Orders.Complete.Infrastructure.Persistence.Sql", "Src\Overseer.Orders.Complete.Infrastructure.Persistence.Sql\Overseer.Orders.Complete.Infrastructure.Persistence.Sql.csproj", "{4028B274-8940-48C1-A58F-D0EF26CE8FC4}"
EndProject
Project("{FAE04EC0-301F-11D3-BF4B-00C04F79EFBC}") = "Overseer.Orders.Duplicate.Domain", "Src\Overseer.Orders.Duplicate.Domain\Overseer.Orders.Duplicate.Domain.csproj", "{CB809308-A017-4896-A78F-A50A6CE5174B}"
EndProject
Project("{FAE04EC0-301F-11D3-BF4B-00C04F79EFBC}") = "Overseer.Orders.Duplicate.Domain.Services", "Src\Overseer.Orders.Duplicate.Domain.Services\Overseer.Orders.Duplicate.Domain.Services.csproj", "{D2F301D1-BE1E-40B0-9E50-70E20C465412}"
EndProject
Project("{FAE04EC0-301F-11D3-BF4B-00C04F79EFBC}") = "Overseer.Orders.Duplicate.Application", "Src\Overseer.Orders.Duplicate.Application\Overseer.Orders.Duplicate.Application.csproj", "{8AE7E443-7262-4B6B-91D6-8CDB6FDDAC71}"
EndProject
Project("{FAE04EC0-301F-11D3-BF4B-00C04F79EFBC}") = "Overseer.Orders.Duplicate.Application.Services", "Src\Overseer.Orders.Duplicate.Application.Services\Overseer.Orders.Duplicate.Application.Services.csproj", "{6B5C8FB9-DCCC-4210-B0D0-56580351E205}"
EndProject
Project("{FAE04EC0-301F-11D3-BF4B-00C04F79EFBC}") = "Overseer.Orders.Duplicate.Infrastructure.Events.Queues", "Src\Overseer.Orders.Duplicate.Infrastructure.Events.Queues\Overseer.Orders.Duplicate.Infrastructure.Events.Queues.csproj", "{2CDE3B94-0A92-467A-9F7B-621FE8A79CE0}"
EndProject
Project("{FAE04EC0-301F-11D3-BF4B-00C04F79EFBC}") = "Overseer.Orders.Duplicate.Infrastructure.Persistence.Sql", "Src\Overseer.Orders.Duplicate.Infrastructure.Persistence.Sql\Overseer.Orders.Duplicate.Infrastructure.Persistence.Sql.csproj", "{B7771D35-EE83-451A-A5EE-D801D7AB30A7}"
EndProject
Global
	GlobalSection(SolutionConfigurationPlatforms) = preSolution
		Debug|Any CPU = Debug|Any CPU
		Release|Any CPU = Release|Any CPU
	EndGlobalSection
	GlobalSection(ProjectConfigurationPlatforms) = postSolution
		{F5B88D6E-201D-4A24-96C4-EC3D26C1C2B6}.Debug|Any CPU.ActiveCfg = Debug|Any CPU
		{F5B88D6E-201D-4A24-96C4-EC3D26C1C2B6}.Debug|Any CPU.Build.0 = Debug|Any CPU
		{F5B88D6E-201D-4A24-96C4-EC3D26C1C2B6}.Release|Any CPU.ActiveCfg = Release|Any CPU
		{F5B88D6E-201D-4A24-96C4-EC3D26C1C2B6}.Release|Any CPU.Build.0 = Release|Any CPU
		{22ED74F6-12D1-480F-BD73-EDB6BF620DEB}.Debug|Any CPU.ActiveCfg = Debug|Any CPU
		{22ED74F6-12D1-480F-BD73-EDB6BF620DEB}.Debug|Any CPU.Build.0 = Debug|Any CPU
		{22ED74F6-12D1-480F-BD73-EDB6BF620DEB}.Release|Any CPU.ActiveCfg = Release|Any CPU
		{22ED74F6-12D1-480F-BD73-EDB6BF620DEB}.Release|Any CPU.Build.0 = Release|Any CPU
		{153351DB-7362-4490-A7F8-D99A4452ABCF}.Debug|Any CPU.ActiveCfg = Debug|Any CPU
		{153351DB-7362-4490-A7F8-D99A4452ABCF}.Debug|Any CPU.Build.0 = Debug|Any CPU
		{153351DB-7362-4490-A7F8-D99A4452ABCF}.Release|Any CPU.ActiveCfg = Release|Any CPU
		{153351DB-7362-4490-A7F8-D99A4452ABCF}.Release|Any CPU.Build.0 = Release|Any CPU
		{DDF59191-E297-40AB-9B22-498C8291A11F}.Debug|Any CPU.ActiveCfg = Debug|Any CPU
		{DDF59191-E297-40AB-9B22-498C8291A11F}.Debug|Any CPU.Build.0 = Debug|Any CPU
		{DDF59191-E297-40AB-9B22-498C8291A11F}.Release|Any CPU.ActiveCfg = Release|Any CPU
		{DDF59191-E297-40AB-9B22-498C8291A11F}.Release|Any CPU.Build.0 = Release|Any CPU
		{B413E05F-829A-4E97-9282-E03FB60EAFCD}.Debug|Any CPU.ActiveCfg = Debug|Any CPU
		{B413E05F-829A-4E97-9282-E03FB60EAFCD}.Debug|Any CPU.Build.0 = Debug|Any CPU
		{B413E05F-829A-4E97-9282-E03FB60EAFCD}.Release|Any CPU.ActiveCfg = Release|Any CPU
		{B413E05F-829A-4E97-9282-E03FB60EAFCD}.Release|Any CPU.Build.0 = Release|Any CPU
		{9BA33F15-31D8-479A-BB34-7B3ABD023539}.Debug|Any CPU.ActiveCfg = Debug|Any CPU
		{9BA33F15-31D8-479A-BB34-7B3ABD023539}.Debug|Any CPU.Build.0 = Debug|Any CPU
		{9BA33F15-31D8-479A-BB34-7B3ABD023539}.Release|Any CPU.ActiveCfg = Release|Any CPU
		{9BA33F15-31D8-479A-BB34-7B3ABD023539}.Release|Any CPU.Build.0 = Release|Any CPU
		{E868EB06-0258-4565-9FEB-0461B17B537B}.Debug|Any CPU.ActiveCfg = Debug|Any CPU
		{E868EB06-0258-4565-9FEB-0461B17B537B}.Debug|Any CPU.Build.0 = Debug|Any CPU
		{E868EB06-0258-4565-9FEB-0461B17B537B}.Release|Any CPU.ActiveCfg = Release|Any CPU
		{E868EB06-0258-4565-9FEB-0461B17B537B}.Release|Any CPU.Build.0 = Release|Any CPU
		{FB26DE55-7F4E-4DBB-B0A2-D53707DEEC12}.Debug|Any CPU.ActiveCfg = Debug|Any CPU
		{FB26DE55-7F4E-4DBB-B0A2-D53707DEEC12}.Debug|Any CPU.Build.0 = Debug|Any CPU
		{FB26DE55-7F4E-4DBB-B0A2-D53707DEEC12}.Release|Any CPU.ActiveCfg = Release|Any CPU
		{FB26DE55-7F4E-4DBB-B0A2-D53707DEEC12}.Release|Any CPU.Build.0 = Release|Any CPU
		{31B870E3-B912-4451-8886-9F24B01AA77F}.Debug|Any CPU.ActiveCfg = Debug|Any CPU
		{31B870E3-B912-4451-8886-9F24B01AA77F}.Debug|Any CPU.Build.0 = Debug|Any CPU
		{31B870E3-B912-4451-8886-9F24B01AA77F}.Release|Any CPU.ActiveCfg = Release|Any CPU
		{31B870E3-B912-4451-8886-9F24B01AA77F}.Release|Any CPU.Build.0 = Release|Any CPU
		{02CB996E-8FFA-4F7F-BE39-79B8F4CDC236}.Debug|Any CPU.ActiveCfg = Debug|Any CPU
		{02CB996E-8FFA-4F7F-BE39-79B8F4CDC236}.Debug|Any CPU.Build.0 = Debug|Any CPU
		{02CB996E-8FFA-4F7F-BE39-79B8F4CDC236}.Release|Any CPU.ActiveCfg = Release|Any CPU
		{02CB996E-8FFA-4F7F-BE39-79B8F4CDC236}.Release|Any CPU.Build.0 = Release|Any CPU
		{61BBD62B-F349-4F7D-85FF-6802E93A52CF}.Debug|Any CPU.ActiveCfg = Debug|Any CPU
		{61BBD62B-F349-4F7D-85FF-6802E93A52CF}.Debug|Any CPU.Build.0 = Debug|Any CPU
		{61BBD62B-F349-4F7D-85FF-6802E93A52CF}.Release|Any CPU.ActiveCfg = Release|Any CPU
		{61BBD62B-F349-4F7D-85FF-6802E93A52CF}.Release|Any CPU.Build.0 = Release|Any CPU
		{EBF534C9-EA64-47A8-8923-BBEA8E945015}.Debug|Any CPU.ActiveCfg = Debug|Any CPU
		{EBF534C9-EA64-47A8-8923-BBEA8E945015}.Debug|Any CPU.Build.0 = Debug|Any CPU
		{EBF534C9-EA64-47A8-8923-BBEA8E945015}.Release|Any CPU.ActiveCfg = Release|Any CPU
		{EBF534C9-EA64-47A8-8923-BBEA8E945015}.Release|Any CPU.Build.0 = Release|Any CPU
		{E668D18A-4774-4F95-A31F-407CD11312A7}.Debug|Any CPU.ActiveCfg = Debug|Any CPU
		{E668D18A-4774-4F95-A31F-407CD11312A7}.Debug|Any CPU.Build.0 = Debug|Any CPU
		{E668D18A-4774-4F95-A31F-407CD11312A7}.Release|Any CPU.ActiveCfg = Release|Any CPU
		{E668D18A-4774-4F95-A31F-407CD11312A7}.Release|Any CPU.Build.0 = Release|Any CPU
		{956C5296-6DE1-4B88-AC82-A30ABD2A1162}.Debug|Any CPU.ActiveCfg = Debug|Any CPU
		{956C5296-6DE1-4B88-AC82-A30ABD2A1162}.Debug|Any CPU.Build.0 = Debug|Any CPU
		{956C5296-6DE1-4B88-AC82-A30ABD2A1162}.Release|Any CPU.ActiveCfg = Release|Any CPU
		{956C5296-6DE1-4B88-AC82-A30ABD2A1162}.Release|Any CPU.Build.0 = Release|Any CPU
		{39A6AB8A-3483-4244-9EE4-C16AF7259D33}.Debug|Any CPU.ActiveCfg = Debug|Any CPU
		{39A6AB8A-3483-4244-9EE4-C16AF7259D33}.Debug|Any CPU.Build.0 = Debug|Any CPU
		{39A6AB8A-3483-4244-9EE4-C16AF7259D33}.Release|Any CPU.ActiveCfg = Release|Any CPU
		{39A6AB8A-3483-4244-9EE4-C16AF7259D33}.Release|Any CPU.Build.0 = Release|Any CPU
		{6EEC9973-DC45-45E7-9BD0-6396620366F9}.Debug|Any CPU.ActiveCfg = Debug|Any CPU
		{6EEC9973-DC45-45E7-9BD0-6396620366F9}.Debug|Any CPU.Build.0 = Debug|Any CPU
		{6EEC9973-DC45-45E7-9BD0-6396620366F9}.Release|Any CPU.ActiveCfg = Release|Any CPU
		{6EEC9973-DC45-45E7-9BD0-6396620366F9}.Release|Any CPU.Build.0 = Release|Any CPU
		{39430F67-BD9A-48C7-9CC9-8C9546C63E29}.Debug|Any CPU.ActiveCfg = Debug|Any CPU
		{39430F67-BD9A-48C7-9CC9-8C9546C63E29}.Debug|Any CPU.Build.0 = Debug|Any CPU
		{39430F67-BD9A-48C7-9CC9-8C9546C63E29}.Release|Any CPU.ActiveCfg = Release|Any CPU
		{39430F67-BD9A-48C7-9CC9-8C9546C63E29}.Release|Any CPU.Build.0 = Release|Any CPU
		{4C3E0202-3E88-444C-9EF6-0FF998F39F2B}.Debug|Any CPU.ActiveCfg = Debug|Any CPU
		{4C3E0202-3E88-444C-9EF6-0FF998F39F2B}.Debug|Any CPU.Build.0 = Debug|Any CPU
		{4C3E0202-3E88-444C-9EF6-0FF998F39F2B}.Release|Any CPU.ActiveCfg = Release|Any CPU
		{4C3E0202-3E88-444C-9EF6-0FF998F39F2B}.Release|Any CPU.Build.0 = Release|Any CPU
		{C0D721B6-4662-4A91-8C49-210AE74A96B1}.Debug|Any CPU.ActiveCfg = Debug|Any CPU
		{C0D721B6-4662-4A91-8C49-210AE74A96B1}.Debug|Any CPU.Build.0 = Debug|Any CPU
		{C0D721B6-4662-4A91-8C49-210AE74A96B1}.Release|Any CPU.ActiveCfg = Release|Any CPU
		{C0D721B6-4662-4A91-8C49-210AE74A96B1}.Release|Any CPU.Build.0 = Release|Any CPU
		{59CAD81A-8F78-44A9-B217-D52475E38DFB}.Debug|Any CPU.ActiveCfg = Debug|Any CPU
		{59CAD81A-8F78-44A9-B217-D52475E38DFB}.Debug|Any CPU.Build.0 = Debug|Any CPU
		{59CAD81A-8F78-44A9-B217-D52475E38DFB}.Release|Any CPU.ActiveCfg = Release|Any CPU
		{59CAD81A-8F78-44A9-B217-D52475E38DFB}.Release|Any CPU.Build.0 = Release|Any CPU
		{18674091-10A9-4E76-BF13-C54112303B9F}.Debug|Any CPU.ActiveCfg = Debug|Any CPU
		{18674091-10A9-4E76-BF13-C54112303B9F}.Debug|Any CPU.Build.0 = Debug|Any CPU
		{18674091-10A9-4E76-BF13-C54112303B9F}.Release|Any CPU.ActiveCfg = Release|Any CPU
		{18674091-10A9-4E76-BF13-C54112303B9F}.Release|Any CPU.Build.0 = Release|Any CPU
		{B9C11C64-B3D7-4F6E-93BA-2854556E65D9}.Debug|Any CPU.ActiveCfg = Debug|Any CPU
		{B9C11C64-B3D7-4F6E-93BA-2854556E65D9}.Debug|Any CPU.Build.0 = Debug|Any CPU
		{B9C11C64-B3D7-4F6E-93BA-2854556E65D9}.Release|Any CPU.ActiveCfg = Release|Any CPU
		{B9C11C64-B3D7-4F6E-93BA-2854556E65D9}.Release|Any CPU.Build.0 = Release|Any CPU
		{C36C084F-7408-488A-B7C3-3BEDED0C7766}.Debug|Any CPU.ActiveCfg = Debug|Any CPU
		{C36C084F-7408-488A-B7C3-3BEDED0C7766}.Debug|Any CPU.Build.0 = Debug|Any CPU
		{C36C084F-7408-488A-B7C3-3BEDED0C7766}.Release|Any CPU.ActiveCfg = Release|Any CPU
		{C36C084F-7408-488A-B7C3-3BEDED0C7766}.Release|Any CPU.Build.0 = Release|Any CPU
		{D42474CD-DB09-43FB-A597-2D7ABF19CEB5}.Debug|Any CPU.ActiveCfg = Debug|Any CPU
		{D42474CD-DB09-43FB-A597-2D7ABF19CEB5}.Debug|Any CPU.Build.0 = Debug|Any CPU
		{D42474CD-DB09-43FB-A597-2D7ABF19CEB5}.Release|Any CPU.ActiveCfg = Release|Any CPU
		{D42474CD-DB09-43FB-A597-2D7ABF19CEB5}.Release|Any CPU.Build.0 = Release|Any CPU
		{86D65F4D-F71B-41F1-8D18-A0585F69A380}.Debug|Any CPU.ActiveCfg = Debug|Any CPU
		{86D65F4D-F71B-41F1-8D18-A0585F69A380}.Debug|Any CPU.Build.0 = Debug|Any CPU
		{86D65F4D-F71B-41F1-8D18-A0585F69A380}.Release|Any CPU.ActiveCfg = Release|Any CPU
		{86D65F4D-F71B-41F1-8D18-A0585F69A380}.Release|Any CPU.Build.0 = Release|Any CPU
		{105CC3D7-00DE-4949-A336-7EE689545FF7}.Debug|Any CPU.ActiveCfg = Debug|Any CPU
		{105CC3D7-00DE-4949-A336-7EE689545FF7}.Debug|Any CPU.Build.0 = Debug|Any CPU
		{105CC3D7-00DE-4949-A336-7EE689545FF7}.Release|Any CPU.ActiveCfg = Release|Any CPU
		{105CC3D7-00DE-4949-A336-7EE689545FF7}.Release|Any CPU.Build.0 = Release|Any CPU
		{5B04E14B-0A84-448C-8D49-235C1B7184C4}.Debug|Any CPU.ActiveCfg = Debug|Any CPU
		{5B04E14B-0A84-448C-8D49-235C1B7184C4}.Debug|Any CPU.Build.0 = Debug|Any CPU
		{5B04E14B-0A84-448C-8D49-235C1B7184C4}.Release|Any CPU.ActiveCfg = Release|Any CPU
		{5B04E14B-0A84-448C-8D49-235C1B7184C4}.Release|Any CPU.Build.0 = Release|Any CPU
		{C8666849-E39A-421C-8FD8-5141F01B3A4F}.Debug|Any CPU.ActiveCfg = Debug|Any CPU
		{C8666849-E39A-421C-8FD8-5141F01B3A4F}.Debug|Any CPU.Build.0 = Debug|Any CPU
		{C8666849-E39A-421C-8FD8-5141F01B3A4F}.Release|Any CPU.ActiveCfg = Release|Any CPU
		{C8666849-E39A-421C-8FD8-5141F01B3A4F}.Release|Any CPU.Build.0 = Release|Any CPU
		{3F8DC3F5-9A87-4A8D-A32D-75B5665A52B8}.Debug|Any CPU.ActiveCfg = Debug|Any CPU
		{3F8DC3F5-9A87-4A8D-A32D-75B5665A52B8}.Debug|Any CPU.Build.0 = Debug|Any CPU
		{3F8DC3F5-9A87-4A8D-A32D-75B5665A52B8}.Release|Any CPU.ActiveCfg = Release|Any CPU
		{3F8DC3F5-9A87-4A8D-A32D-75B5665A52B8}.Release|Any CPU.Build.0 = Release|Any CPU
		{C27249A4-E904-47DE-93F3-50E2272E9B38}.Debug|Any CPU.ActiveCfg = Debug|Any CPU
		{C27249A4-E904-47DE-93F3-50E2272E9B38}.Debug|Any CPU.Build.0 = Debug|Any CPU
		{C27249A4-E904-47DE-93F3-50E2272E9B38}.Release|Any CPU.ActiveCfg = Release|Any CPU
		{C27249A4-E904-47DE-93F3-50E2272E9B38}.Release|Any CPU.Build.0 = Release|Any CPU
		{5A266EC9-D773-45D6-9003-6E040F7EB364}.Debug|Any CPU.ActiveCfg = Debug|Any CPU
		{5A266EC9-D773-45D6-9003-6E040F7EB364}.Debug|Any CPU.Build.0 = Debug|Any CPU
		{5A266EC9-D773-45D6-9003-6E040F7EB364}.Release|Any CPU.ActiveCfg = Release|Any CPU
		{5A266EC9-D773-45D6-9003-6E040F7EB364}.Release|Any CPU.Build.0 = Release|Any CPU
		{51F1574F-16E2-402E-AF69-07CCD5AC9A21}.Debug|Any CPU.ActiveCfg = Debug|Any CPU
		{51F1574F-16E2-402E-AF69-07CCD5AC9A21}.Debug|Any CPU.Build.0 = Debug|Any CPU
		{51F1574F-16E2-402E-AF69-07CCD5AC9A21}.Release|Any CPU.ActiveCfg = Release|Any CPU
		{51F1574F-16E2-402E-AF69-07CCD5AC9A21}.Release|Any CPU.Build.0 = Release|Any CPU
		{0B68604F-7167-44DA-9EFA-D840432D472D}.Debug|Any CPU.ActiveCfg = Debug|Any CPU
		{0B68604F-7167-44DA-9EFA-D840432D472D}.Debug|Any CPU.Build.0 = Debug|Any CPU
		{0B68604F-7167-44DA-9EFA-D840432D472D}.Release|Any CPU.ActiveCfg = Release|Any CPU
		{0B68604F-7167-44DA-9EFA-D840432D472D}.Release|Any CPU.Build.0 = Release|Any CPU
		{24084501-2BBD-48E6-8240-2B065B0A0D4D}.Debug|Any CPU.ActiveCfg = Debug|Any CPU
		{24084501-2BBD-48E6-8240-2B065B0A0D4D}.Debug|Any CPU.Build.0 = Debug|Any CPU
		{24084501-2BBD-48E6-8240-2B065B0A0D4D}.Release|Any CPU.ActiveCfg = Release|Any CPU
		{24084501-2BBD-48E6-8240-2B065B0A0D4D}.Release|Any CPU.Build.0 = Release|Any CPU
		{5D796076-D8E4-4C92-89C8-4110ED05D5F0}.Debug|Any CPU.ActiveCfg = Debug|Any CPU
		{5D796076-D8E4-4C92-89C8-4110ED05D5F0}.Debug|Any CPU.Build.0 = Debug|Any CPU
		{5D796076-D8E4-4C92-89C8-4110ED05D5F0}.Release|Any CPU.ActiveCfg = Release|Any CPU
		{5D796076-D8E4-4C92-89C8-4110ED05D5F0}.Release|Any CPU.Build.0 = Release|Any CPU
		{BB725970-2893-4B6F-81B8-B268A9F7165F}.Debug|Any CPU.ActiveCfg = Debug|Any CPU
		{BB725970-2893-4B6F-81B8-B268A9F7165F}.Debug|Any CPU.Build.0 = Debug|Any CPU
		{BB725970-2893-4B6F-81B8-B268A9F7165F}.Release|Any CPU.ActiveCfg = Release|Any CPU
		{BB725970-2893-4B6F-81B8-B268A9F7165F}.Release|Any CPU.Build.0 = Release|Any CPU
		{B0702F22-241D-42B4-B902-3DB3A6D08DA4}.Debug|Any CPU.ActiveCfg = Debug|Any CPU
		{B0702F22-241D-42B4-B902-3DB3A6D08DA4}.Debug|Any CPU.Build.0 = Debug|Any CPU
		{B0702F22-241D-42B4-B902-3DB3A6D08DA4}.Release|Any CPU.ActiveCfg = Release|Any CPU
		{B0702F22-241D-42B4-B902-3DB3A6D08DA4}.Release|Any CPU.Build.0 = Release|Any CPU
		{D3FA3392-E5EE-45A2-B8BB-6B4AE300866D}.Debug|Any CPU.ActiveCfg = Debug|Any CPU
		{D3FA3392-E5EE-45A2-B8BB-6B4AE300866D}.Debug|Any CPU.Build.0 = Debug|Any CPU
		{D3FA3392-E5EE-45A2-B8BB-6B4AE300866D}.Release|Any CPU.ActiveCfg = Release|Any CPU
		{D3FA3392-E5EE-45A2-B8BB-6B4AE300866D}.Release|Any CPU.Build.0 = Release|Any CPU
		{C615C724-2421-4F37-AEDB-E33BE6FFB86C}.Debug|Any CPU.ActiveCfg = Debug|Any CPU
		{C615C724-2421-4F37-AEDB-E33BE6FFB86C}.Debug|Any CPU.Build.0 = Debug|Any CPU
		{C615C724-2421-4F37-AEDB-E33BE6FFB86C}.Release|Any CPU.ActiveCfg = Release|Any CPU
		{C615C724-2421-4F37-AEDB-E33BE6FFB86C}.Release|Any CPU.Build.0 = Release|Any CPU
		{88BE3C83-B841-48AF-8B7F-27B63BD7CF2C}.Debug|Any CPU.ActiveCfg = Debug|Any CPU
		{88BE3C83-B841-48AF-8B7F-27B63BD7CF2C}.Debug|Any CPU.Build.0 = Debug|Any CPU
		{88BE3C83-B841-48AF-8B7F-27B63BD7CF2C}.Release|Any CPU.ActiveCfg = Release|Any CPU
		{88BE3C83-B841-48AF-8B7F-27B63BD7CF2C}.Release|Any CPU.Build.0 = Release|Any CPU
		{CC7F93AA-7A50-438B-82EB-2331CB3783D0}.Debug|Any CPU.ActiveCfg = Debug|Any CPU
		{CC7F93AA-7A50-438B-82EB-2331CB3783D0}.Debug|Any CPU.Build.0 = Debug|Any CPU
		{CC7F93AA-7A50-438B-82EB-2331CB3783D0}.Release|Any CPU.ActiveCfg = Release|Any CPU
		{CC7F93AA-7A50-438B-82EB-2331CB3783D0}.Release|Any CPU.Build.0 = Release|Any CPU
		{D96B6F15-6F79-4EFF-BFCD-777EDCDB7DD8}.Debug|Any CPU.ActiveCfg = Debug|Any CPU
		{D96B6F15-6F79-4EFF-BFCD-777EDCDB7DD8}.Debug|Any CPU.Build.0 = Debug|Any CPU
		{D96B6F15-6F79-4EFF-BFCD-777EDCDB7DD8}.Release|Any CPU.ActiveCfg = Release|Any CPU
		{D96B6F15-6F79-4EFF-BFCD-777EDCDB7DD8}.Release|Any CPU.Build.0 = Release|Any CPU
		{21163CB4-5BFB-4B15-8B5F-1836B1B0FA89}.Debug|Any CPU.ActiveCfg = Debug|Any CPU
		{21163CB4-5BFB-4B15-8B5F-1836B1B0FA89}.Debug|Any CPU.Build.0 = Debug|Any CPU
		{21163CB4-5BFB-4B15-8B5F-1836B1B0FA89}.Release|Any CPU.ActiveCfg = Release|Any CPU
		{21163CB4-5BFB-4B15-8B5F-1836B1B0FA89}.Release|Any CPU.Build.0 = Release|Any CPU
		{3FF3A2F6-5E2A-466C-9F6F-6D1B7B68446C}.Debug|Any CPU.ActiveCfg = Debug|Any CPU
		{3FF3A2F6-5E2A-466C-9F6F-6D1B7B68446C}.Debug|Any CPU.Build.0 = Debug|Any CPU
		{3FF3A2F6-5E2A-466C-9F6F-6D1B7B68446C}.Release|Any CPU.ActiveCfg = Release|Any CPU
		{3FF3A2F6-5E2A-466C-9F6F-6D1B7B68446C}.Release|Any CPU.Build.0 = Release|Any CPU
		{89705DFD-D9D8-4825-9E12-9957359F5A1E}.Debug|Any CPU.ActiveCfg = Debug|Any CPU
		{89705DFD-D9D8-4825-9E12-9957359F5A1E}.Debug|Any CPU.Build.0 = Debug|Any CPU
		{89705DFD-D9D8-4825-9E12-9957359F5A1E}.Release|Any CPU.ActiveCfg = Release|Any CPU
		{89705DFD-D9D8-4825-9E12-9957359F5A1E}.Release|Any CPU.Build.0 = Release|Any CPU
		{612519F2-848F-40D6-9353-42EF4A34AC98}.Debug|Any CPU.ActiveCfg = Debug|Any CPU
		{612519F2-848F-40D6-9353-42EF4A34AC98}.Debug|Any CPU.Build.0 = Debug|Any CPU
		{612519F2-848F-40D6-9353-42EF4A34AC98}.Release|Any CPU.ActiveCfg = Release|Any CPU
		{612519F2-848F-40D6-9353-42EF4A34AC98}.Release|Any CPU.Build.0 = Release|Any CPU
		{8C908C1F-7B5C-4801-9013-888F22476243}.Debug|Any CPU.ActiveCfg = Debug|Any CPU
		{8C908C1F-7B5C-4801-9013-888F22476243}.Debug|Any CPU.Build.0 = Debug|Any CPU
		{8C908C1F-7B5C-4801-9013-888F22476243}.Release|Any CPU.ActiveCfg = Release|Any CPU
		{8C908C1F-7B5C-4801-9013-888F22476243}.Release|Any CPU.Build.0 = Release|Any CPU
		{70DB59EF-A7CA-491E-8868-AEE5DE36879A}.Debug|Any CPU.ActiveCfg = Debug|Any CPU
		{70DB59EF-A7CA-491E-8868-AEE5DE36879A}.Debug|Any CPU.Build.0 = Debug|Any CPU
		{70DB59EF-A7CA-491E-8868-AEE5DE36879A}.Release|Any CPU.ActiveCfg = Release|Any CPU
		{70DB59EF-A7CA-491E-8868-AEE5DE36879A}.Release|Any CPU.Build.0 = Release|Any CPU
		{2C17A4A5-24CF-4673-ABCF-8ED93F3BD1D6}.Debug|Any CPU.ActiveCfg = Debug|Any CPU
		{2C17A4A5-24CF-4673-ABCF-8ED93F3BD1D6}.Debug|Any CPU.Build.0 = Debug|Any CPU
		{2C17A4A5-24CF-4673-ABCF-8ED93F3BD1D6}.Release|Any CPU.ActiveCfg = Release|Any CPU
		{2C17A4A5-24CF-4673-ABCF-8ED93F3BD1D6}.Release|Any CPU.Build.0 = Release|Any CPU
		{C005C063-217C-4402-B010-6FAD34FBBD7F}.Debug|Any CPU.ActiveCfg = Debug|Any CPU
		{C005C063-217C-4402-B010-6FAD34FBBD7F}.Debug|Any CPU.Build.0 = Debug|Any CPU
		{C005C063-217C-4402-B010-6FAD34FBBD7F}.Release|Any CPU.ActiveCfg = Release|Any CPU
		{C005C063-217C-4402-B010-6FAD34FBBD7F}.Release|Any CPU.Build.0 = Release|Any CPU
		{4385CA89-558C-4CED-96C0-66187A28129B}.Debug|Any CPU.ActiveCfg = Debug|Any CPU
		{4385CA89-558C-4CED-96C0-66187A28129B}.Debug|Any CPU.Build.0 = Debug|Any CPU
		{4385CA89-558C-4CED-96C0-66187A28129B}.Release|Any CPU.ActiveCfg = Release|Any CPU
		{4385CA89-558C-4CED-96C0-66187A28129B}.Release|Any CPU.Build.0 = Release|Any CPU
		{2CD3F4FB-37FF-403A-BFDC-C4C80CCBAD89}.Debug|Any CPU.ActiveCfg = Debug|Any CPU
		{2CD3F4FB-37FF-403A-BFDC-C4C80CCBAD89}.Debug|Any CPU.Build.0 = Debug|Any CPU
		{2CD3F4FB-37FF-403A-BFDC-C4C80CCBAD89}.Release|Any CPU.ActiveCfg = Release|Any CPU
		{2CD3F4FB-37FF-403A-BFDC-C4C80CCBAD89}.Release|Any CPU.Build.0 = Release|Any CPU
		{D39E0CB1-FE7E-49F6-AA6A-9FA769927B65}.Debug|Any CPU.ActiveCfg = Debug|Any CPU
		{D39E0CB1-FE7E-49F6-AA6A-9FA769927B65}.Debug|Any CPU.Build.0 = Debug|Any CPU
		{D39E0CB1-FE7E-49F6-AA6A-9FA769927B65}.Release|Any CPU.ActiveCfg = Release|Any CPU
		{D39E0CB1-FE7E-49F6-AA6A-9FA769927B65}.Release|Any CPU.Build.0 = Release|Any CPU
		{E12E14E1-4F71-49D7-9E46-4D272D40FB2B}.Debug|Any CPU.ActiveCfg = Debug|Any CPU
		{E12E14E1-4F71-49D7-9E46-4D272D40FB2B}.Debug|Any CPU.Build.0 = Debug|Any CPU
		{E12E14E1-4F71-49D7-9E46-4D272D40FB2B}.Release|Any CPU.ActiveCfg = Release|Any CPU
		{E12E14E1-4F71-49D7-9E46-4D272D40FB2B}.Release|Any CPU.Build.0 = Release|Any CPU
		{A801097E-AA96-410F-8F78-38D6D7421056}.Debug|Any CPU.ActiveCfg = Debug|Any CPU
		{A801097E-AA96-410F-8F78-38D6D7421056}.Debug|Any CPU.Build.0 = Debug|Any CPU
		{A801097E-AA96-410F-8F78-38D6D7421056}.Release|Any CPU.ActiveCfg = Release|Any CPU
		{A801097E-AA96-410F-8F78-38D6D7421056}.Release|Any CPU.Build.0 = Release|Any CPU
		{E9A74187-5D10-4451-A95E-5D3138966F18}.Debug|Any CPU.ActiveCfg = Debug|Any CPU
		{E9A74187-5D10-4451-A95E-5D3138966F18}.Debug|Any CPU.Build.0 = Debug|Any CPU
		{E9A74187-5D10-4451-A95E-5D3138966F18}.Release|Any CPU.ActiveCfg = Release|Any CPU
		{E9A74187-5D10-4451-A95E-5D3138966F18}.Release|Any CPU.Build.0 = Release|Any CPU
		{5DAFE65C-ECBA-4DA5-86C3-D285CD9F8D2F}.Debug|Any CPU.ActiveCfg = Debug|Any CPU
		{5DAFE65C-ECBA-4DA5-86C3-D285CD9F8D2F}.Debug|Any CPU.Build.0 = Debug|Any CPU
		{5DAFE65C-ECBA-4DA5-86C3-D285CD9F8D2F}.Release|Any CPU.ActiveCfg = Release|Any CPU
		{5DAFE65C-ECBA-4DA5-86C3-D285CD9F8D2F}.Release|Any CPU.Build.0 = Release|Any CPU
		{68B0B065-985A-43D6-8905-870C419269AC}.Debug|Any CPU.ActiveCfg = Debug|Any CPU
		{68B0B065-985A-43D6-8905-870C419269AC}.Debug|Any CPU.Build.0 = Debug|Any CPU
		{68B0B065-985A-43D6-8905-870C419269AC}.Release|Any CPU.ActiveCfg = Release|Any CPU
		{68B0B065-985A-43D6-8905-870C419269AC}.Release|Any CPU.Build.0 = Release|Any CPU
		{3D0F95AF-F0DC-42DE-94C8-866E9CAA25FC}.Debug|Any CPU.ActiveCfg = Debug|Any CPU
		{3D0F95AF-F0DC-42DE-94C8-866E9CAA25FC}.Debug|Any CPU.Build.0 = Debug|Any CPU
		{3D0F95AF-F0DC-42DE-94C8-866E9CAA25FC}.Release|Any CPU.ActiveCfg = Release|Any CPU
		{3D0F95AF-F0DC-42DE-94C8-866E9CAA25FC}.Release|Any CPU.Build.0 = Release|Any CPU
		{8028F8D8-B24C-48D9-B37D-3DA55B1E9D66}.Debug|Any CPU.ActiveCfg = Debug|Any CPU
		{8028F8D8-B24C-48D9-B37D-3DA55B1E9D66}.Debug|Any CPU.Build.0 = Debug|Any CPU
		{8028F8D8-B24C-48D9-B37D-3DA55B1E9D66}.Release|Any CPU.ActiveCfg = Release|Any CPU
		{8028F8D8-B24C-48D9-B37D-3DA55B1E9D66}.Release|Any CPU.Build.0 = Release|Any CPU
		{04B2C480-E9E2-4EDF-B6E3-A2B2A937AD80}.Debug|Any CPU.ActiveCfg = Debug|Any CPU
		{04B2C480-E9E2-4EDF-B6E3-A2B2A937AD80}.Debug|Any CPU.Build.0 = Debug|Any CPU
		{04B2C480-E9E2-4EDF-B6E3-A2B2A937AD80}.Release|Any CPU.ActiveCfg = Release|Any CPU
		{04B2C480-E9E2-4EDF-B6E3-A2B2A937AD80}.Release|Any CPU.Build.0 = Release|Any CPU
		{DD7EAD08-00B8-4AAD-BB50-62D2347BF2BA}.Debug|Any CPU.ActiveCfg = Debug|Any CPU
		{DD7EAD08-00B8-4AAD-BB50-62D2347BF2BA}.Debug|Any CPU.Build.0 = Debug|Any CPU
		{DD7EAD08-00B8-4AAD-BB50-62D2347BF2BA}.Release|Any CPU.ActiveCfg = Release|Any CPU
		{DD7EAD08-00B8-4AAD-BB50-62D2347BF2BA}.Release|Any CPU.Build.0 = Release|Any CPU
		{3306D0FF-FC93-4E55-8FEA-5F06C65B3FD5}.Debug|Any CPU.ActiveCfg = Debug|Any CPU
		{3306D0FF-FC93-4E55-8FEA-5F06C65B3FD5}.Debug|Any CPU.Build.0 = Debug|Any CPU
		{3306D0FF-FC93-4E55-8FEA-5F06C65B3FD5}.Release|Any CPU.ActiveCfg = Release|Any CPU
		{3306D0FF-FC93-4E55-8FEA-5F06C65B3FD5}.Release|Any CPU.Build.0 = Release|Any CPU
		{B2E167A0-8398-46EC-BF10-4281D1CBEFB8}.Debug|Any CPU.ActiveCfg = Debug|Any CPU
		{B2E167A0-8398-46EC-BF10-4281D1CBEFB8}.Debug|Any CPU.Build.0 = Debug|Any CPU
		{B2E167A0-8398-46EC-BF10-4281D1CBEFB8}.Release|Any CPU.ActiveCfg = Release|Any CPU
		{B2E167A0-8398-46EC-BF10-4281D1CBEFB8}.Release|Any CPU.Build.0 = Release|Any CPU
		{CDBFEEB5-B500-4850-931E-69B27D37CB04}.Debug|Any CPU.ActiveCfg = Debug|Any CPU
		{CDBFEEB5-B500-4850-931E-69B27D37CB04}.Debug|Any CPU.Build.0 = Debug|Any CPU
		{CDBFEEB5-B500-4850-931E-69B27D37CB04}.Release|Any CPU.ActiveCfg = Release|Any CPU
		{CDBFEEB5-B500-4850-931E-69B27D37CB04}.Release|Any CPU.Build.0 = Release|Any CPU
		{49992D79-B3E2-4571-8983-5023095DE010}.Debug|Any CPU.ActiveCfg = Debug|Any CPU
		{49992D79-B3E2-4571-8983-5023095DE010}.Debug|Any CPU.Build.0 = Debug|Any CPU
		{49992D79-B3E2-4571-8983-5023095DE010}.Release|Any CPU.ActiveCfg = Release|Any CPU
		{49992D79-B3E2-4571-8983-5023095DE010}.Release|Any CPU.Build.0 = Release|Any CPU
		{A8BCC9A0-2A2C-4665-B426-7C6175C5759B}.Debug|Any CPU.ActiveCfg = Debug|Any CPU
		{A8BCC9A0-2A2C-4665-B426-7C6175C5759B}.Debug|Any CPU.Build.0 = Debug|Any CPU
		{A8BCC9A0-2A2C-4665-B426-7C6175C5759B}.Release|Any CPU.ActiveCfg = Release|Any CPU
		{A8BCC9A0-2A2C-4665-B426-7C6175C5759B}.Release|Any CPU.Build.0 = Release|Any CPU
		{854AB1E2-A63D-4D68-A664-FD8D93824D07}.Debug|Any CPU.ActiveCfg = Debug|Any CPU
		{854AB1E2-A63D-4D68-A664-FD8D93824D07}.Debug|Any CPU.Build.0 = Debug|Any CPU
		{854AB1E2-A63D-4D68-A664-FD8D93824D07}.Release|Any CPU.ActiveCfg = Release|Any CPU
		{854AB1E2-A63D-4D68-A664-FD8D93824D07}.Release|Any CPU.Build.0 = Release|Any CPU
		{28B2B1BB-C578-4298-A3B4-0FB126BCE78F}.Debug|Any CPU.ActiveCfg = Debug|Any CPU
		{28B2B1BB-C578-4298-A3B4-0FB126BCE78F}.Debug|Any CPU.Build.0 = Debug|Any CPU
		{28B2B1BB-C578-4298-A3B4-0FB126BCE78F}.Release|Any CPU.ActiveCfg = Release|Any CPU
		{28B2B1BB-C578-4298-A3B4-0FB126BCE78F}.Release|Any CPU.Build.0 = Release|Any CPU
		{E80F328B-9185-458D-A01A-2E2661BD4740}.Debug|Any CPU.ActiveCfg = Debug|Any CPU
		{E80F328B-9185-458D-A01A-2E2661BD4740}.Debug|Any CPU.Build.0 = Debug|Any CPU
		{E80F328B-9185-458D-A01A-2E2661BD4740}.Release|Any CPU.ActiveCfg = Release|Any CPU
		{E80F328B-9185-458D-A01A-2E2661BD4740}.Release|Any CPU.Build.0 = Release|Any CPU
		{70560EDA-01C8-43BF-BB54-E4DF525FE433}.Debug|Any CPU.ActiveCfg = Debug|Any CPU
		{70560EDA-01C8-43BF-BB54-E4DF525FE433}.Debug|Any CPU.Build.0 = Debug|Any CPU
		{70560EDA-01C8-43BF-BB54-E4DF525FE433}.Release|Any CPU.ActiveCfg = Release|Any CPU
		{70560EDA-01C8-43BF-BB54-E4DF525FE433}.Release|Any CPU.Build.0 = Release|Any CPU
		{E5C1AC1B-7122-4BB8-9CBB-9F643F41D84D}.Debug|Any CPU.ActiveCfg = Debug|Any CPU
		{E5C1AC1B-7122-4BB8-9CBB-9F643F41D84D}.Debug|Any CPU.Build.0 = Debug|Any CPU
		{E5C1AC1B-7122-4BB8-9CBB-9F643F41D84D}.Release|Any CPU.ActiveCfg = Release|Any CPU
		{E5C1AC1B-7122-4BB8-9CBB-9F643F41D84D}.Release|Any CPU.Build.0 = Release|Any CPU
		{7C78E0A8-76AA-429B-9055-E8862A8690FF}.Debug|Any CPU.ActiveCfg = Debug|Any CPU
		{7C78E0A8-76AA-429B-9055-E8862A8690FF}.Debug|Any CPU.Build.0 = Debug|Any CPU
		{7C78E0A8-76AA-429B-9055-E8862A8690FF}.Release|Any CPU.ActiveCfg = Release|Any CPU
		{7C78E0A8-76AA-429B-9055-E8862A8690FF}.Release|Any CPU.Build.0 = Release|Any CPU
		{3A6908F5-08E8-44D8-AE9D-8E57B4269B11}.Debug|Any CPU.ActiveCfg = Debug|Any CPU
		{3A6908F5-08E8-44D8-AE9D-8E57B4269B11}.Debug|Any CPU.Build.0 = Debug|Any CPU
		{3A6908F5-08E8-44D8-AE9D-8E57B4269B11}.Release|Any CPU.ActiveCfg = Release|Any CPU
		{3A6908F5-08E8-44D8-AE9D-8E57B4269B11}.Release|Any CPU.Build.0 = Release|Any CPU
		{652313AE-6B23-4B33-862F-1C59161D371D}.Debug|Any CPU.ActiveCfg = Debug|Any CPU
		{652313AE-6B23-4B33-862F-1C59161D371D}.Debug|Any CPU.Build.0 = Debug|Any CPU
		{652313AE-6B23-4B33-862F-1C59161D371D}.Release|Any CPU.ActiveCfg = Release|Any CPU
		{652313AE-6B23-4B33-862F-1C59161D371D}.Release|Any CPU.Build.0 = Release|Any CPU
		{06630015-D00C-46A6-8382-AB83CC713FD2}.Debug|Any CPU.ActiveCfg = Debug|Any CPU
		{06630015-D00C-46A6-8382-AB83CC713FD2}.Debug|Any CPU.Build.0 = Debug|Any CPU
		{06630015-D00C-46A6-8382-AB83CC713FD2}.Release|Any CPU.ActiveCfg = Release|Any CPU
		{06630015-D00C-46A6-8382-AB83CC713FD2}.Release|Any CPU.Build.0 = Release|Any CPU
		{76C38D3F-4181-4B4A-B921-4764972C949A}.Debug|Any CPU.ActiveCfg = Debug|Any CPU
		{76C38D3F-4181-4B4A-B921-4764972C949A}.Debug|Any CPU.Build.0 = Debug|Any CPU
		{76C38D3F-4181-4B4A-B921-4764972C949A}.Release|Any CPU.ActiveCfg = Release|Any CPU
		{76C38D3F-4181-4B4A-B921-4764972C949A}.Release|Any CPU.Build.0 = Release|Any CPU
		{060E98A4-4309-4EDA-8971-BA6E70967E51}.Debug|Any CPU.ActiveCfg = Debug|Any CPU
		{060E98A4-4309-4EDA-8971-BA6E70967E51}.Debug|Any CPU.Build.0 = Debug|Any CPU
		{060E98A4-4309-4EDA-8971-BA6E70967E51}.Release|Any CPU.ActiveCfg = Release|Any CPU
		{060E98A4-4309-4EDA-8971-BA6E70967E51}.Release|Any CPU.Build.0 = Release|Any CPU
		{43F565BA-3589-4A4F-A829-38351D808C14}.Debug|Any CPU.ActiveCfg = Debug|Any CPU
		{43F565BA-3589-4A4F-A829-38351D808C14}.Debug|Any CPU.Build.0 = Debug|Any CPU
		{43F565BA-3589-4A4F-A829-38351D808C14}.Release|Any CPU.ActiveCfg = Release|Any CPU
		{43F565BA-3589-4A4F-A829-38351D808C14}.Release|Any CPU.Build.0 = Release|Any CPU
		{A4EA0E2D-8352-4564-971B-664F7C6F1F85}.Debug|Any CPU.ActiveCfg = Debug|Any CPU
		{A4EA0E2D-8352-4564-971B-664F7C6F1F85}.Debug|Any CPU.Build.0 = Debug|Any CPU
		{A4EA0E2D-8352-4564-971B-664F7C6F1F85}.Release|Any CPU.ActiveCfg = Release|Any CPU
		{A4EA0E2D-8352-4564-971B-664F7C6F1F85}.Release|Any CPU.Build.0 = Release|Any CPU
		{20A5F7E3-4F8C-40EF-AD77-D36E94BCA490}.Debug|Any CPU.ActiveCfg = Debug|Any CPU
		{20A5F7E3-4F8C-40EF-AD77-D36E94BCA490}.Debug|Any CPU.Build.0 = Debug|Any CPU
		{20A5F7E3-4F8C-40EF-AD77-D36E94BCA490}.Release|Any CPU.ActiveCfg = Release|Any CPU
		{20A5F7E3-4F8C-40EF-AD77-D36E94BCA490}.Release|Any CPU.Build.0 = Release|Any CPU
		{0BC83C03-D539-4C40-A3BB-451CCC5BF815}.Debug|Any CPU.ActiveCfg = Debug|Any CPU
		{0BC83C03-D539-4C40-A3BB-451CCC5BF815}.Debug|Any CPU.Build.0 = Debug|Any CPU
		{0BC83C03-D539-4C40-A3BB-451CCC5BF815}.Release|Any CPU.ActiveCfg = Release|Any CPU
		{0BC83C03-D539-4C40-A3BB-451CCC5BF815}.Release|Any CPU.Build.0 = Release|Any CPU
		{6FEECEB9-60AC-4471-B0B6-767A685A8010}.Debug|Any CPU.ActiveCfg = Debug|Any CPU
		{6FEECEB9-60AC-4471-B0B6-767A685A8010}.Debug|Any CPU.Build.0 = Debug|Any CPU
		{6FEECEB9-60AC-4471-B0B6-767A685A8010}.Release|Any CPU.ActiveCfg = Release|Any CPU
		{6FEECEB9-60AC-4471-B0B6-767A685A8010}.Release|Any CPU.Build.0 = Release|Any CPU
		{68AFEF39-7DB7-4444-B0AB-68C60E834057}.Debug|Any CPU.ActiveCfg = Debug|Any CPU
		{68AFEF39-7DB7-4444-B0AB-68C60E834057}.Debug|Any CPU.Build.0 = Debug|Any CPU
		{68AFEF39-7DB7-4444-B0AB-68C60E834057}.Release|Any CPU.ActiveCfg = Release|Any CPU
		{68AFEF39-7DB7-4444-B0AB-68C60E834057}.Release|Any CPU.Build.0 = Release|Any CPU
		{043285EE-188D-4B85-9B49-12188468EBBA}.Debug|Any CPU.ActiveCfg = Debug|Any CPU
		{043285EE-188D-4B85-9B49-12188468EBBA}.Debug|Any CPU.Build.0 = Debug|Any CPU
		{043285EE-188D-4B85-9B49-12188468EBBA}.Release|Any CPU.ActiveCfg = Release|Any CPU
		{043285EE-188D-4B85-9B49-12188468EBBA}.Release|Any CPU.Build.0 = Release|Any CPU
		{06EACF32-194D-4CF6-8491-69822FB5A463}.Debug|Any CPU.ActiveCfg = Debug|Any CPU
		{06EACF32-194D-4CF6-8491-69822FB5A463}.Debug|Any CPU.Build.0 = Debug|Any CPU
		{06EACF32-194D-4CF6-8491-69822FB5A463}.Release|Any CPU.ActiveCfg = Release|Any CPU
		{06EACF32-194D-4CF6-8491-69822FB5A463}.Release|Any CPU.Build.0 = Release|Any CPU
		{AF5E09BF-60BE-4C6F-943A-5B0B1E2070CC}.Debug|Any CPU.ActiveCfg = Debug|Any CPU
		{AF5E09BF-60BE-4C6F-943A-5B0B1E2070CC}.Debug|Any CPU.Build.0 = Debug|Any CPU
		{AF5E09BF-60BE-4C6F-943A-5B0B1E2070CC}.Release|Any CPU.ActiveCfg = Release|Any CPU
		{AF5E09BF-60BE-4C6F-943A-5B0B1E2070CC}.Release|Any CPU.Build.0 = Release|Any CPU
		{742A68DA-681D-41FC-A346-B155D893D9EA}.Debug|Any CPU.ActiveCfg = Debug|Any CPU
		{742A68DA-681D-41FC-A346-B155D893D9EA}.Debug|Any CPU.Build.0 = Debug|Any CPU
		{742A68DA-681D-41FC-A346-B155D893D9EA}.Release|Any CPU.ActiveCfg = Release|Any CPU
		{742A68DA-681D-41FC-A346-B155D893D9EA}.Release|Any CPU.Build.0 = Release|Any CPU
		{3C473C66-C2C0-433F-AFB2-ACF80F1B0C47}.Debug|Any CPU.ActiveCfg = Debug|Any CPU
		{3C473C66-C2C0-433F-AFB2-ACF80F1B0C47}.Debug|Any CPU.Build.0 = Debug|Any CPU
		{3C473C66-C2C0-433F-AFB2-ACF80F1B0C47}.Release|Any CPU.ActiveCfg = Release|Any CPU
		{3C473C66-C2C0-433F-AFB2-ACF80F1B0C47}.Release|Any CPU.Build.0 = Release|Any CPU
		{4028B274-8940-48C1-A58F-D0EF26CE8FC4}.Debug|Any CPU.ActiveCfg = Debug|Any CPU
		{4028B274-8940-48C1-A58F-D0EF26CE8FC4}.Debug|Any CPU.Build.0 = Debug|Any CPU
		{4028B274-8940-48C1-A58F-D0EF26CE8FC4}.Release|Any CPU.ActiveCfg = Release|Any CPU
		{4028B274-8940-48C1-A58F-D0EF26CE8FC4}.Release|Any CPU.Build.0 = Release|Any CPU
		{CB809308-A017-4896-A78F-A50A6CE5174B}.Debug|Any CPU.ActiveCfg = Debug|Any CPU
		{CB809308-A017-4896-A78F-A50A6CE5174B}.Debug|Any CPU.Build.0 = Debug|Any CPU
		{CB809308-A017-4896-A78F-A50A6CE5174B}.Release|Any CPU.ActiveCfg = Release|Any CPU
		{CB809308-A017-4896-A78F-A50A6CE5174B}.Release|Any CPU.Build.0 = Release|Any CPU
		{D2F301D1-BE1E-40B0-9E50-70E20C465412}.Debug|Any CPU.ActiveCfg = Debug|Any CPU
		{D2F301D1-BE1E-40B0-9E50-70E20C465412}.Debug|Any CPU.Build.0 = Debug|Any CPU
		{D2F301D1-BE1E-40B0-9E50-70E20C465412}.Release|Any CPU.ActiveCfg = Release|Any CPU
		{D2F301D1-BE1E-40B0-9E50-70E20C465412}.Release|Any CPU.Build.0 = Release|Any CPU
		{8AE7E443-7262-4B6B-91D6-8CDB6FDDAC71}.Debug|Any CPU.ActiveCfg = Debug|Any CPU
		{8AE7E443-7262-4B6B-91D6-8CDB6FDDAC71}.Debug|Any CPU.Build.0 = Debug|Any CPU
		{8AE7E443-7262-4B6B-91D6-8CDB6FDDAC71}.Release|Any CPU.ActiveCfg = Release|Any CPU
		{8AE7E443-7262-4B6B-91D6-8CDB6FDDAC71}.Release|Any CPU.Build.0 = Release|Any CPU
		{6B5C8FB9-DCCC-4210-B0D0-56580351E205}.Debug|Any CPU.ActiveCfg = Debug|Any CPU
		{6B5C8FB9-DCCC-4210-B0D0-56580351E205}.Debug|Any CPU.Build.0 = Debug|Any CPU
		{6B5C8FB9-DCCC-4210-B0D0-56580351E205}.Release|Any CPU.ActiveCfg = Release|Any CPU
		{6B5C8FB9-DCCC-4210-B0D0-56580351E205}.Release|Any CPU.Build.0 = Release|Any CPU
		{2CDE3B94-0A92-467A-9F7B-621FE8A79CE0}.Debug|Any CPU.ActiveCfg = Debug|Any CPU
		{2CDE3B94-0A92-467A-9F7B-621FE8A79CE0}.Debug|Any CPU.Build.0 = Debug|Any CPU
		{2CDE3B94-0A92-467A-9F7B-621FE8A79CE0}.Release|Any CPU.ActiveCfg = Release|Any CPU
		{2CDE3B94-0A92-467A-9F7B-621FE8A79CE0}.Release|Any CPU.Build.0 = Release|Any CPU
		{B7771D35-EE83-451A-A5EE-D801D7AB30A7}.Debug|Any CPU.ActiveCfg = Debug|Any CPU
		{B7771D35-EE83-451A-A5EE-D801D7AB30A7}.Debug|Any CPU.Build.0 = Debug|Any CPU
		{B7771D35-EE83-451A-A5EE-D801D7AB30A7}.Release|Any CPU.ActiveCfg = Release|Any CPU
		{B7771D35-EE83-451A-A5EE-D801D7AB30A7}.Release|Any CPU.Build.0 = Release|Any CPU
	EndGlobalSection
	GlobalSection(SolutionProperties) = preSolution
		HideSolutionNode = FALSE
	EndGlobalSection
	GlobalSection(NestedProjects) = preSolution
		{F5B88D6E-201D-4A24-96C4-EC3D26C1C2B6} = {47ECCC37-1A60-47B2-9813-D26EBC704025}
		{22ED74F6-12D1-480F-BD73-EDB6BF620DEB} = {47ECCC37-1A60-47B2-9813-D26EBC704025}
		{153351DB-7362-4490-A7F8-D99A4452ABCF} = {47ECCC37-1A60-47B2-9813-D26EBC704025}
		{DDF59191-E297-40AB-9B22-498C8291A11F} = {47ECCC37-1A60-47B2-9813-D26EBC704025}
		{C992DC21-7858-46E3-9CDE-DD21D2B01A24} = {5AC944FF-3186-4B69-9FA1-6B77EF5A2F7A}
		{47ECCC37-1A60-47B2-9813-D26EBC704025} = {C992DC21-7858-46E3-9CDE-DD21D2B01A24}
		{5455CC6A-84FF-4B73-B09F-F37FAB5EEBBA} = {47ECCC37-1A60-47B2-9813-D26EBC704025}
		{B413E05F-829A-4E97-9282-E03FB60EAFCD} = {5455CC6A-84FF-4B73-B09F-F37FAB5EEBBA}
		{9BA33F15-31D8-479A-BB34-7B3ABD023539} = {5455CC6A-84FF-4B73-B09F-F37FAB5EEBBA}
		{F4F13B44-AA39-4398-B4C9-2FA255606B24} = {C992DC21-7858-46E3-9CDE-DD21D2B01A24}
		{19AB2465-5BD9-4000-96B1-84F74C59B3B0} = {F4F13B44-AA39-4398-B4C9-2FA255606B24}
		{E868EB06-0258-4565-9FEB-0461B17B537B} = {F4F13B44-AA39-4398-B4C9-2FA255606B24}
		{FB26DE55-7F4E-4DBB-B0A2-D53707DEEC12} = {F4F13B44-AA39-4398-B4C9-2FA255606B24}
		{31B870E3-B912-4451-8886-9F24B01AA77F} = {F4F13B44-AA39-4398-B4C9-2FA255606B24}
		{02CB996E-8FFA-4F7F-BE39-79B8F4CDC236} = {F4F13B44-AA39-4398-B4C9-2FA255606B24}
		{61BBD62B-F349-4F7D-85FF-6802E93A52CF} = {19AB2465-5BD9-4000-96B1-84F74C59B3B0}
		{EBF534C9-EA64-47A8-8923-BBEA8E945015} = {19AB2465-5BD9-4000-96B1-84F74C59B3B0}
		{BF5CD7DE-2486-42FB-A038-20573EC5DB6D} = {C992DC21-7858-46E3-9CDE-DD21D2B01A24}
		{969D3BFC-53EC-4A64-8380-E31CF0C82B4B} = {BF5CD7DE-2486-42FB-A038-20573EC5DB6D}
		{E668D18A-4774-4F95-A31F-407CD11312A7} = {969D3BFC-53EC-4A64-8380-E31CF0C82B4B}
		{956C5296-6DE1-4B88-AC82-A30ABD2A1162} = {969D3BFC-53EC-4A64-8380-E31CF0C82B4B}
		{39A6AB8A-3483-4244-9EE4-C16AF7259D33} = {BF5CD7DE-2486-42FB-A038-20573EC5DB6D}
		{6EEC9973-DC45-45E7-9BD0-6396620366F9} = {BF5CD7DE-2486-42FB-A038-20573EC5DB6D}
		{39430F67-BD9A-48C7-9CC9-8C9546C63E29} = {BF5CD7DE-2486-42FB-A038-20573EC5DB6D}
		{4C3E0202-3E88-444C-9EF6-0FF998F39F2B} = {BF5CD7DE-2486-42FB-A038-20573EC5DB6D}
		{423A7DD3-4A33-4C41-AA37-3F3F1CE20C13} = {5AC944FF-3186-4B69-9FA1-6B77EF5A2F7A}
		{26E989F6-26B0-48EF-9777-0F86CAF0561F} = {423A7DD3-4A33-4C41-AA37-3F3F1CE20C13}
		{DEDE017D-76CF-4E34-9396-D4C7E5B3CF22} = {26E989F6-26B0-48EF-9777-0F86CAF0561F}
		{C0D721B6-4662-4A91-8C49-210AE74A96B1} = {26E989F6-26B0-48EF-9777-0F86CAF0561F}
		{59CAD81A-8F78-44A9-B217-D52475E38DFB} = {26E989F6-26B0-48EF-9777-0F86CAF0561F}
		{18674091-10A9-4E76-BF13-C54112303B9F} = {26E989F6-26B0-48EF-9777-0F86CAF0561F}
		{B9C11C64-B3D7-4F6E-93BA-2854556E65D9} = {26E989F6-26B0-48EF-9777-0F86CAF0561F}
		{C36C084F-7408-488A-B7C3-3BEDED0C7766} = {DEDE017D-76CF-4E34-9396-D4C7E5B3CF22}
		{D42474CD-DB09-43FB-A597-2D7ABF19CEB5} = {DEDE017D-76CF-4E34-9396-D4C7E5B3CF22}
		{57C26B72-0292-4383-B55E-072B57888834} = {423A7DD3-4A33-4C41-AA37-3F3F1CE20C13}
		{4534C4B0-76C6-42A0-AA73-0FF2BB726B05} = {57C26B72-0292-4383-B55E-072B57888834}
		{86D65F4D-F71B-41F1-8D18-A0585F69A380} = {57C26B72-0292-4383-B55E-072B57888834}
		{105CC3D7-00DE-4949-A336-7EE689545FF7} = {57C26B72-0292-4383-B55E-072B57888834}
		{5B04E14B-0A84-448C-8D49-235C1B7184C4} = {57C26B72-0292-4383-B55E-072B57888834}
		{C8666849-E39A-421C-8FD8-5141F01B3A4F} = {57C26B72-0292-4383-B55E-072B57888834}
		{3F8DC3F5-9A87-4A8D-A32D-75B5665A52B8} = {4534C4B0-76C6-42A0-AA73-0FF2BB726B05}
		{C27249A4-E904-47DE-93F3-50E2272E9B38} = {4534C4B0-76C6-42A0-AA73-0FF2BB726B05}
		{225B15AA-0F76-4328-B9C6-32F8894654BF} = {423A7DD3-4A33-4C41-AA37-3F3F1CE20C13}
		{2D526E86-A85E-47E8-8F5E-A9572F141471} = {225B15AA-0F76-4328-B9C6-32F8894654BF}
		{5A266EC9-D773-45D6-9003-6E040F7EB364} = {225B15AA-0F76-4328-B9C6-32F8894654BF}
		{51F1574F-16E2-402E-AF69-07CCD5AC9A21} = {225B15AA-0F76-4328-B9C6-32F8894654BF}
		{0B68604F-7167-44DA-9EFA-D840432D472D} = {225B15AA-0F76-4328-B9C6-32F8894654BF}
		{24084501-2BBD-48E6-8240-2B065B0A0D4D} = {225B15AA-0F76-4328-B9C6-32F8894654BF}
		{5D796076-D8E4-4C92-89C8-4110ED05D5F0} = {2D526E86-A85E-47E8-8F5E-A9572F141471}
		{BB725970-2893-4B6F-81B8-B268A9F7165F} = {2D526E86-A85E-47E8-8F5E-A9572F141471}
		{2684BC96-D80D-4449-9A56-DB556C73BF05} = {423A7DD3-4A33-4C41-AA37-3F3F1CE20C13}
		{DE6003B9-6308-4E4F-ABA5-73B71355ACF0} = {2684BC96-D80D-4449-9A56-DB556C73BF05}
		{B0702F22-241D-42B4-B902-3DB3A6D08DA4} = {2684BC96-D80D-4449-9A56-DB556C73BF05}
		{D3FA3392-E5EE-45A2-B8BB-6B4AE300866D} = {2684BC96-D80D-4449-9A56-DB556C73BF05}
		{C615C724-2421-4F37-AEDB-E33BE6FFB86C} = {2684BC96-D80D-4449-9A56-DB556C73BF05}
		{88BE3C83-B841-48AF-8B7F-27B63BD7CF2C} = {2684BC96-D80D-4449-9A56-DB556C73BF05}
		{CC7F93AA-7A50-438B-82EB-2331CB3783D0} = {DE6003B9-6308-4E4F-ABA5-73B71355ACF0}
		{D96B6F15-6F79-4EFF-BFCD-777EDCDB7DD8} = {DE6003B9-6308-4E4F-ABA5-73B71355ACF0}
		{FF1F8535-6B6D-462A-9154-3A85BAACFDA2} = {423A7DD3-4A33-4C41-AA37-3F3F1CE20C13}
		{E44473B8-C8A5-4815-9C3C-ED96A724AE1A} = {FF1F8535-6B6D-462A-9154-3A85BAACFDA2}
		{21163CB4-5BFB-4B15-8B5F-1836B1B0FA89} = {FF1F8535-6B6D-462A-9154-3A85BAACFDA2}
		{3FF3A2F6-5E2A-466C-9F6F-6D1B7B68446C} = {FF1F8535-6B6D-462A-9154-3A85BAACFDA2}
		{89705DFD-D9D8-4825-9E12-9957359F5A1E} = {FF1F8535-6B6D-462A-9154-3A85BAACFDA2}
		{612519F2-848F-40D6-9353-42EF4A34AC98} = {FF1F8535-6B6D-462A-9154-3A85BAACFDA2}
		{8C908C1F-7B5C-4801-9013-888F22476243} = {E44473B8-C8A5-4815-9C3C-ED96A724AE1A}
		{70DB59EF-A7CA-491E-8868-AEE5DE36879A} = {E44473B8-C8A5-4815-9C3C-ED96A724AE1A}
		{AE149695-783B-46D5-BFA4-EBF00ADF8D31} = {423A7DD3-4A33-4C41-AA37-3F3F1CE20C13}
		{CB2AE33C-34A8-4F2F-973E-2B98A65AA324} = {AE149695-783B-46D5-BFA4-EBF00ADF8D31}
		{2C17A4A5-24CF-4673-ABCF-8ED93F3BD1D6} = {AE149695-783B-46D5-BFA4-EBF00ADF8D31}
		{C005C063-217C-4402-B010-6FAD34FBBD7F} = {AE149695-783B-46D5-BFA4-EBF00ADF8D31}
		{4385CA89-558C-4CED-96C0-66187A28129B} = {AE149695-783B-46D5-BFA4-EBF00ADF8D31}
		{2CD3F4FB-37FF-403A-BFDC-C4C80CCBAD89} = {AE149695-783B-46D5-BFA4-EBF00ADF8D31}
		{D39E0CB1-FE7E-49F6-AA6A-9FA769927B65} = {CB2AE33C-34A8-4F2F-973E-2B98A65AA324}
		{E12E14E1-4F71-49D7-9E46-4D272D40FB2B} = {CB2AE33C-34A8-4F2F-973E-2B98A65AA324}
		{DF95E81A-5C6E-404E-9DD1-CC170AE0ABD9} = {5AC944FF-3186-4B69-9FA1-6B77EF5A2F7A}
		{49A73ADB-9DC0-459F-95C6-3ADC2491C91F} = {DF95E81A-5C6E-404E-9DD1-CC170AE0ABD9}
		{BF61BEDF-4D86-4BF5-874C-BE8BD4E3DF66} = {49A73ADB-9DC0-459F-95C6-3ADC2491C91F}
		{A801097E-AA96-410F-8F78-38D6D7421056} = {49A73ADB-9DC0-459F-95C6-3ADC2491C91F}
		{E9A74187-5D10-4451-A95E-5D3138966F18} = {49A73ADB-9DC0-459F-95C6-3ADC2491C91F}
		{5DAFE65C-ECBA-4DA5-86C3-D285CD9F8D2F} = {49A73ADB-9DC0-459F-95C6-3ADC2491C91F}
		{68B0B065-985A-43D6-8905-870C419269AC} = {49A73ADB-9DC0-459F-95C6-3ADC2491C91F}
		{3D0F95AF-F0DC-42DE-94C8-866E9CAA25FC} = {BF61BEDF-4D86-4BF5-874C-BE8BD4E3DF66}
		{8028F8D8-B24C-48D9-B37D-3DA55B1E9D66} = {BF61BEDF-4D86-4BF5-874C-BE8BD4E3DF66}
		{517A8D38-D5E2-493B-807F-E9AA56457A45} = {DF95E81A-5C6E-404E-9DD1-CC170AE0ABD9}
		{D8C3DF55-1B76-4D12-838A-F41EA6EDA739} = {517A8D38-D5E2-493B-807F-E9AA56457A45}
		{04B2C480-E9E2-4EDF-B6E3-A2B2A937AD80} = {517A8D38-D5E2-493B-807F-E9AA56457A45}
		{DD7EAD08-00B8-4AAD-BB50-62D2347BF2BA} = {517A8D38-D5E2-493B-807F-E9AA56457A45}
		{3306D0FF-FC93-4E55-8FEA-5F06C65B3FD5} = {517A8D38-D5E2-493B-807F-E9AA56457A45}
		{B2E167A0-8398-46EC-BF10-4281D1CBEFB8} = {517A8D38-D5E2-493B-807F-E9AA56457A45}
		{CDBFEEB5-B500-4850-931E-69B27D37CB04} = {D8C3DF55-1B76-4D12-838A-F41EA6EDA739}
		{49992D79-B3E2-4571-8983-5023095DE010} = {D8C3DF55-1B76-4D12-838A-F41EA6EDA739}
		{C77E0348-594F-4C4D-BE2B-7B3F948A759B} = {DF95E81A-5C6E-404E-9DD1-CC170AE0ABD9}
		{D3A31032-2F81-43B4-9BB2-6EE9D375C48D} = {C77E0348-594F-4C4D-BE2B-7B3F948A759B}
		{A8BCC9A0-2A2C-4665-B426-7C6175C5759B} = {C77E0348-594F-4C4D-BE2B-7B3F948A759B}
		{854AB1E2-A63D-4D68-A664-FD8D93824D07} = {C77E0348-594F-4C4D-BE2B-7B3F948A759B}
		{28B2B1BB-C578-4298-A3B4-0FB126BCE78F} = {C77E0348-594F-4C4D-BE2B-7B3F948A759B}
		{E80F328B-9185-458D-A01A-2E2661BD4740} = {C77E0348-594F-4C4D-BE2B-7B3F948A759B}
		{70560EDA-01C8-43BF-BB54-E4DF525FE433} = {D3A31032-2F81-43B4-9BB2-6EE9D375C48D}
		{E5C1AC1B-7122-4BB8-9CBB-9F643F41D84D} = {D3A31032-2F81-43B4-9BB2-6EE9D375C48D}
		{40F38A2B-BEC8-4E7C-9C47-B5138B86D115} = {DF95E81A-5C6E-404E-9DD1-CC170AE0ABD9}
		{60740A4B-A391-40CE-BBFA-3665A4507494} = {40F38A2B-BEC8-4E7C-9C47-B5138B86D115}
		{7C78E0A8-76AA-429B-9055-E8862A8690FF} = {40F38A2B-BEC8-4E7C-9C47-B5138B86D115}
		{3A6908F5-08E8-44D8-AE9D-8E57B4269B11} = {40F38A2B-BEC8-4E7C-9C47-B5138B86D115}
		{652313AE-6B23-4B33-862F-1C59161D371D} = {40F38A2B-BEC8-4E7C-9C47-B5138B86D115}
		{06630015-D00C-46A6-8382-AB83CC713FD2} = {40F38A2B-BEC8-4E7C-9C47-B5138B86D115}
		{76C38D3F-4181-4B4A-B921-4764972C949A} = {60740A4B-A391-40CE-BBFA-3665A4507494}
		{060E98A4-4309-4EDA-8971-BA6E70967E51} = {60740A4B-A391-40CE-BBFA-3665A4507494}
		{7F7EC6DA-3460-42F8-A665-2B1EB05D4E69} = {DF95E81A-5C6E-404E-9DD1-CC170AE0ABD9}
		{574F907B-22E6-4298-92A0-8C57EF4A5D7D} = {DF95E81A-5C6E-404E-9DD1-CC170AE0ABD9}
		{665A28C0-9FCB-4943-861E-5585B0E38704} = {DF95E81A-5C6E-404E-9DD1-CC170AE0ABD9}
		{D8B37080-EFBD-4C61-967A-0936489B07EA} = {DF95E81A-5C6E-404E-9DD1-CC170AE0ABD9}
		{0F7745F7-66AD-45C2-BD7D-3C72D57D78A2} = {574F907B-22E6-4298-92A0-8C57EF4A5D7D}
		{5EB7E9C6-2CE6-4D00-8D08-F687BF6AB6D3} = {D8B37080-EFBD-4C61-967A-0936489B07EA}
		{BB34993A-561E-43E9-8D58-369B3E72644C} = {665A28C0-9FCB-4943-861E-5585B0E38704}
		{CE5F8B5D-C652-4501-B8D5-E93AC1D0C2B0} = {7F7EC6DA-3460-42F8-A665-2B1EB05D4E69}
		{AE86094F-0F29-4D06-98BF-6B3E59D2233D} = {C992DC21-7858-46E3-9CDE-DD21D2B01A24}
		{EBF27692-9EFE-4838-AD5D-21D2C99DCDCB} = {AE86094F-0F29-4D06-98BF-6B3E59D2233D}
		{43F565BA-3589-4A4F-A829-38351D808C14} = {AE86094F-0F29-4D06-98BF-6B3E59D2233D}
		{A4EA0E2D-8352-4564-971B-664F7C6F1F85} = {AE86094F-0F29-4D06-98BF-6B3E59D2233D}
		{20A5F7E3-4F8C-40EF-AD77-D36E94BCA490} = {EBF27692-9EFE-4838-AD5D-21D2C99DCDCB}
		{0BC83C03-D539-4C40-A3BB-451CCC5BF815} = {EBF27692-9EFE-4838-AD5D-21D2C99DCDCB}
		{6FEECEB9-60AC-4471-B0B6-767A685A8010} = {AE86094F-0F29-4D06-98BF-6B3E59D2233D}
		{68AFEF39-7DB7-4444-B0AB-68C60E834057} = {AE86094F-0F29-4D06-98BF-6B3E59D2233D}
		{043285EE-188D-4B85-9B49-12188468EBBA} = {574F907B-22E6-4298-92A0-8C57EF4A5D7D}
		{06EACF32-194D-4CF6-8491-69822FB5A463} = {574F907B-22E6-4298-92A0-8C57EF4A5D7D}
		{AF5E09BF-60BE-4C6F-943A-5B0B1E2070CC} = {574F907B-22E6-4298-92A0-8C57EF4A5D7D}
		{742A68DA-681D-41FC-A346-B155D893D9EA} = {574F907B-22E6-4298-92A0-8C57EF4A5D7D}
		{3C473C66-C2C0-433F-AFB2-ACF80F1B0C47} = {0F7745F7-66AD-45C2-BD7D-3C72D57D78A2}
		{4028B274-8940-48C1-A58F-D0EF26CE8FC4} = {0F7745F7-66AD-45C2-BD7D-3C72D57D78A2}
		{CB809308-A017-4896-A78F-A50A6CE5174B} = {D8B37080-EFBD-4C61-967A-0936489B07EA}
		{D2F301D1-BE1E-40B0-9E50-70E20C465412} = {D8B37080-EFBD-4C61-967A-0936489B07EA}
		{8AE7E443-7262-4B6B-91D6-8CDB6FDDAC71} = {D8B37080-EFBD-4C61-967A-0936489B07EA}
		{6B5C8FB9-DCCC-4210-B0D0-56580351E205} = {D8B37080-EFBD-4C61-967A-0936489B07EA}
		{2CDE3B94-0A92-467A-9F7B-621FE8A79CE0} = {5EB7E9C6-2CE6-4D00-8D08-F687BF6AB6D3}
		{B7771D35-EE83-451A-A5EE-D801D7AB30A7} = {5EB7E9C6-2CE6-4D00-8D08-F687BF6AB6D3}
	EndGlobalSection
EndGlobal
